PODS:
  - Crashlytics (3.10.7):
    - Fabric (~> 1.7.11)
  - CryptoSwift (0.9.0)
  - Fabric (1.7.11)
  - PusherSwift (6.1.0):
    - CryptoSwift (~> 0.9.0)
    - ReachabilitySwift (~> 4.1.0)
    - Starscream (~> 3.0.5)
    - TaskQueue (~> 1.1.1)
  - ReachabilitySwift (4.1.0)
  - Starscream (3.0.5)
  - SwiftyJSON (4.1.0)
  - TaskQueue (1.1.1)

DEPENDENCIES:
  - Crashlytics (~> 3.10)
  - Fabric
  - PusherSwift
  - SwiftyJSON

SPEC REPOS:
  https://github.com/cocoapods/specs.git:
    - Crashlytics
    - CryptoSwift
    - Fabric
    - PusherSwift
    - ReachabilitySwift
    - Starscream
    - SwiftyJSON
    - TaskQueue

SPEC CHECKSUMS:
  Crashlytics: ccaac42660eb9351b9960c0d66106b0bcf99f4fa
  CryptoSwift: bca8c5b653dcc2d9734409242a070ff53bafac86
  Fabric: f233c9492b3bbc1f04e3882986740f7988a58edb
  PusherSwift: 6f2535d616cf0d6867a58bee501999995ad37999
  ReachabilitySwift: 6849231cd4e06559f3b9ef4a97a0a0f96d41e09f
  Starscream: faf918b2f2eff7d5dd21180646bf015a669673bd
  SwiftyJSON: c29297daf073d2aa016295d5809cdd68045c39b3
  TaskQueue: 53a3cdaf817d9ce3cd50837ff6610aeb7b968997

PODFILE CHECKSUM: e3d967506fa765a92865c76a81a94a05faa89873

COCOAPODS: 1.6.0.beta.1
