PODS:
  - Alamofire (4.7.3)
  - AlamofireObjectMapper (5.2.0):
    - Alamofire (~> 4.7)
    - ObjectMapper (~> 3.4)
  - AlamoRecord (1.2.2):
    - AlamofireObjectMapper (~> 5.1)
  - Crashlytics (3.11.1):
    - Fabric (~> 1.8.1)
  - CryptoSwift (0.9.0)
  - Fabric (1.8.2)
  - Kingfisher (4.10.1)
  - ObjectMapper (3.4.1)
  - PusherSwift (6.1.0):
    - CryptoSwift (~> 0.9.0)
    - ReachabilitySwift (~> 4.1.0)
    - Starscream (~> 3.0.5)
    - TaskQueue (~> 1.1.1)
  - ReachabilitySwift (4.1.0)
  - Spartan (1.2.1):
    - AlamoRecord (~> 1.2.0)
  - SpotifyLogin (0.1.6)
  - Starscream (3.0.6)
  - SwiftyJSON (4.2.0)
  - TaskQueue (1.1.1)

DEPENDENCIES:
  - Crashlytics (~> 3.10)
  - Fabric
  - Kingfisher (~> 4.0)
  - PusherSwift
  - Spartan
  - SpotifyLogin (~> 0.1)
  - SwiftyJSON

SPEC REPOS:
  https://github.com/cocoapods/specs.git:
    - Alamofire
    - AlamofireObjectMapper
    - AlamoRecord
    - Crashlytics
    - CryptoSwift
    - Fabric
    - Kingfisher
    - ObjectMapper
    - PusherSwift
    - ReachabilitySwift
    - Spartan
    - SpotifyLogin
    - Starscream
    - SwiftyJSON
    - TaskQueue

SPEC CHECKSUMS:
  Alamofire: c7287b6e5d7da964a70935e5db17046b7fde6568
  AlamofireObjectMapper: 92b6ce2423a9d159e686f6a1d514a009bf903ddc
  AlamoRecord: 5850c563a811fdca40cd361b1b27622004bccef3
  Crashlytics: ca7ab4bc304aa216bdc2e4c1a96389ee77252203
  CryptoSwift: bca8c5b653dcc2d9734409242a070ff53bafac86
  Fabric: d2b22f443ba195d8a7cc204da230977c72733b40
  Kingfisher: c148cd7b47ebde9989f6bc7c27dcaa79d81279a0
  ObjectMapper: 5311bd50ca732930959e7ca1a2de43ab823a5ced
  PusherSwift: 6f2535d616cf0d6867a58bee501999995ad37999
  ReachabilitySwift: 6849231cd4e06559f3b9ef4a97a0a0f96d41e09f
  Spartan: 2fb99ad25f2b0e8182799f251c800091977f0a40
  SpotifyLogin: 9cdf82ff13e5f37e5ddc7fd07cf9793a9ebd1124
  Starscream: ef3ece99d765eeccb67de105bfa143f929026cf5
  SwiftyJSON: c4bcba26dd9ec7a027fc8eade48e2c911f229e96
  TaskQueue: 53a3cdaf817d9ce3cd50837ff6610aeb7b968997

PODFILE CHECKSUM: f348482704458ff8a102bfbdece7724c0c380ffc

COCOAPODS: 1.6.0.beta.1
