// !$*UTF8*$!
{
	archiveVersion = 1;
	classes = {
	};
	objectVersion = 46;
	objects = {

/* Begin PBXBuildFile section */
		4401CBB8215DC8D000B0EB23 /* AlbumArtCache.swift in Sources */ = {isa = PBXBuildFile; fileRef = 4401CBB7215DC8D000B0EB23 /* AlbumArtCache.swift */; };
		4406A0032173A674002900E8 /* ImportSpotifyOperation.swift in Sources */ = {isa = PBXBuildFile; fileRef = 4406A0022173A674002900E8 /* ImportSpotifyOperation.swift */; };
		4406A00821744F38002900E8 /* ListenAMTableViewCell.swift in Sources */ = {isa = PBXBuildFile; fileRef = 4406A00621744F38002900E8 /* ListenAMTableViewCell.swift */; };
		4406A00921744F38002900E8 /* ListenAMTableViewCell.xib in Resources */ = {isa = PBXBuildFile; fileRef = 4406A00721744F38002900E8 /* ListenAMTableViewCell.xib */; };
		443EBB8821702D430071A11D /* ImportSpotifyViewController.swift in Sources */ = {isa = PBXBuildFile; fileRef = 443EBB8721702D430071A11D /* ImportSpotifyViewController.swift */; };
		443EBB8B217053530071A11D /* LoginSpotifyViewController.swift in Sources */ = {isa = PBXBuildFile; fileRef = 443EBB89217053530071A11D /* LoginSpotifyViewController.swift */; };
		443EBB8C217053530071A11D /* LoginSpotifyViewController.xib in Resources */ = {isa = PBXBuildFile; fileRef = 443EBB8A217053530071A11D /* LoginSpotifyViewController.xib */; };
		443EBB8F2170547A0071A11D /* ReleaseDetailsViewController.swift in Sources */ = {isa = PBXBuildFile; fileRef = 443EBB8D2170547A0071A11D /* ReleaseDetailsViewController.swift */; };
		443EBB902170547A0071A11D /* ReleaseDetailsViewController.xib in Resources */ = {isa = PBXBuildFile; fileRef = 443EBB8E2170547A0071A11D /* ReleaseDetailsViewController.xib */; };
		4459C3D721658A7900EB4048 /* NumuAlertView.swift in Sources */ = {isa = PBXBuildFile; fileRef = 4459C3D521658A7900EB4048 /* NumuAlertView.swift */; };
		4459C3D821658A7900EB4048 /* NumuAlertView.xib in Resources */ = {isa = PBXBuildFile; fileRef = 4459C3D621658A7900EB4048 /* NumuAlertView.xib */; };
		4461CB79215844C9001939F0 /* AsyncOperation.swift in Sources */ = {isa = PBXBuildFile; fileRef = 4461CB78215844C9001939F0 /* AsyncOperation.swift */; };
		4461CB7B2158470C001939F0 /* FetchJSONOperation.swift in Sources */ = {isa = PBXBuildFile; fileRef = 4461CB7A2158470C001939F0 /* FetchJSONOperation.swift */; };
		4461CB7F21585488001939F0 /* NumuAPI.swift in Sources */ = {isa = PBXBuildFile; fileRef = 4461CB7E21585488001939F0 /* NumuAPI.swift */; };
		4461CB8121585673001939F0 /* CloudKit.framework in Frameworks */ = {isa = PBXBuildFile; fileRef = 4461CB8021585673001939F0 /* CloudKit.framework */; };
		4461CB8521588C54001939F0 /* GetCKUserOperation.swift in Sources */ = {isa = PBXBuildFile; fileRef = 4461CB8421588C54001939F0 /* GetCKUserOperation.swift */; };
		4461CB8B21589AB4001939F0 /* RegisterWithCKOperation.swift in Sources */ = {isa = PBXBuildFile; fileRef = 4461CB8A21589AB4001939F0 /* RegisterWithCKOperation.swift */; };
		4461CB8D21589D7A001939F0 /* AuthOperation.swift in Sources */ = {isa = PBXBuildFile; fileRef = 4461CB8C21589D7A001939F0 /* AuthOperation.swift */; };
		446DBDE8215AF82400AE2AA7 /* ImportAppleMusicOperation.swift in Sources */ = {isa = PBXBuildFile; fileRef = 446DBDE7215AF82400AE2AA7 /* ImportAppleMusicOperation.swift */; };
		447FED3621780B410084530E /* ListenSpotifyTableViewCell.swift in Sources */ = {isa = PBXBuildFile; fileRef = 447FED3421780B410084530E /* ListenSpotifyTableViewCell.swift */; };
		447FED3721780B410084530E /* ListenSpotifyTableViewCell.xib in Resources */ = {isa = PBXBuildFile; fileRef = 447FED3521780B410084530E /* ListenSpotifyTableViewCell.xib */; };
		447FED3E217B839F0084530E /* MusicServicesViewController.swift in Sources */ = {isa = PBXBuildFile; fileRef = 447FED3D217B839F0084530E /* MusicServicesViewController.swift */; };
		447FED41217BA34A0084530E /* SearchSoundCloudTableViewCell.swift in Sources */ = {isa = PBXBuildFile; fileRef = 447FED3F217BA34A0084530E /* SearchSoundCloudTableViewCell.swift */; };
		447FED42217BA34A0084530E /* SearchSoundCloudTableViewCell.xib in Resources */ = {isa = PBXBuildFile; fileRef = 447FED40217BA34A0084530E /* SearchSoundCloudTableViewCell.xib */; };
		447FED45217BB68D0084530E /* SearchYouTubeTableViewCell.swift in Sources */ = {isa = PBXBuildFile; fileRef = 447FED43217BB68D0084530E /* SearchYouTubeTableViewCell.swift */; };
		447FED46217BB68D0084530E /* SearchYouTubeTableViewCell.xib in Resources */ = {isa = PBXBuildFile; fileRef = 447FED44217BB68D0084530E /* SearchYouTubeTableViewCell.xib */; };
		447FED48217BC17C0084530E /* NumuModalButton.swift in Sources */ = {isa = PBXBuildFile; fileRef = 447FED47217BC17C0084530E /* NumuModalButton.swift */; };
		448C68EB21CB092B00ECEC61 /* AlertModal.swift in Sources */ = {isa = PBXBuildFile; fileRef = 448C68EA21CB092B00ECEC61 /* AlertModal.swift */; };
		449F5A7B2176B99900B9C919 /* MoreReleasesTableViewCell.swift in Sources */ = {isa = PBXBuildFile; fileRef = 449F5A792176B99900B9C919 /* MoreReleasesTableViewCell.swift */; };
		449F5A7C2176B99900B9C919 /* MoreReleasesTableViewCell.xib in Resources */ = {isa = PBXBuildFile; fileRef = 449F5A7A2176B99900B9C919 /* MoreReleasesTableViewCell.xib */; };
		44D3917021691D5000CFB9A3 /* NumuSortView.swift in Sources */ = {isa = PBXBuildFile; fileRef = 44D3916E21691D5000CFB9A3 /* NumuSortView.swift */; };
		44D3917121691D5000CFB9A3 /* NumuSortView.xib in Resources */ = {isa = PBXBuildFile; fileRef = 44D3916F21691D5000CFB9A3 /* NumuSortView.xib */; };
		B40E35921DB1D88C004BA8C7 /* NumuTabBarController.swift in Sources */ = {isa = PBXBuildFile; fileRef = B40E35911DB1D88C004BA8C7 /* NumuTabBarController.swift */; };
		B416A6601DC52A91000F86D9 /* AllReleasesTableViewController.swift in Sources */ = {isa = PBXBuildFile; fileRef = B416A65F1DC52A91000F86D9 /* AllReleasesTableViewController.swift */; };
		B416A6621DC52DBA000F86D9 /* ReleaseTableViewCell.swift in Sources */ = {isa = PBXBuildFile; fileRef = B416A6611DC52DBA000F86D9 /* ReleaseTableViewCell.swift */; };
		B416A6641DC52FBC000F86D9 /* ReleaseData.swift in Sources */ = {isa = PBXBuildFile; fileRef = B416A6631DC52FBC000F86D9 /* ReleaseData.swift */; };
		B4283A851D8548F300467CE6 /* AppDelegate.swift in Sources */ = {isa = PBXBuildFile; fileRef = B4283A841D8548F300467CE6 /* AppDelegate.swift */; };
		B4283A8C1D8548F300467CE6 /* Main.storyboard in Resources */ = {isa = PBXBuildFile; fileRef = B4283A8A1D8548F300467CE6 /* Main.storyboard */; };
		B4283A8E1D8548F300467CE6 /* Assets.xcassets in Resources */ = {isa = PBXBuildFile; fileRef = B4283A8D1D8548F300467CE6 /* Assets.xcassets */; };
		B4283A911D8548F300467CE6 /* LaunchScreen.storyboard in Resources */ = {isa = PBXBuildFile; fileRef = B4283A8F1D8548F300467CE6 /* LaunchScreen.storyboard */; };
		B4283ABD1D8658AD00467CE6 /* ReleaseItem.swift in Sources */ = {isa = PBXBuildFile; fileRef = B4283ABC1D8658AD00467CE6 /* ReleaseItem.swift */; };
		B42866081DA5FC53000E5FA6 /* User.swift in Sources */ = {isa = PBXBuildFile; fileRef = B42866071DA5FC53000E5FA6 /* User.swift */; };
		B43E36B21F5DFAD0009834C9 /* LogRegPromptViewController.swift in Sources */ = {isa = PBXBuildFile; fileRef = B43E36B11F5DFAD0009834C9 /* LogRegPromptViewController.swift */; };
		B440D9D51DB2D13900477938 /* ArtistsTableViewController.swift in Sources */ = {isa = PBXBuildFile; fileRef = B440D9D41DB2D13900477938 /* ArtistsTableViewController.swift */; };
		B440D9D71DB2D19300477938 /* ArtistItem.swift in Sources */ = {isa = PBXBuildFile; fileRef = B440D9D61DB2D19300477938 /* ArtistItem.swift */; };
		B440D9D91DB2D28A00477938 /* ArtistTableViewCell.swift in Sources */ = {isa = PBXBuildFile; fileRef = B440D9D81DB2D28A00477938 /* ArtistTableViewCell.swift */; };
		B45A133D20548632001EBDA5 /* NumuCredential.swift in Sources */ = {isa = PBXBuildFile; fileRef = B45A133C20548632001EBDA5 /* NumuCredential.swift */; };
		B45A133F2054CBDF001EBDA5 /* NumuClient.swift in Sources */ = {isa = PBXBuildFile; fileRef = B45A133E2054CBDF001EBDA5 /* NumuClient.swift */; };
		B45A134120551C46001EBDA5 /* Extensions.swift in Sources */ = {isa = PBXBuildFile; fileRef = B45A134020551C46001EBDA5 /* Extensions.swift */; };
		B46754581F6DA66F00C80544 /* InstructionsViewController.swift in Sources */ = {isa = PBXBuildFile; fileRef = B46754571F6DA66F00C80544 /* InstructionsViewController.swift */; };
		B471648D1F5FA24600D4E03E /* NumuTextField.swift in Sources */ = {isa = PBXBuildFile; fileRef = B471648C1F5FA24600D4E03E /* NumuTextField.swift */; };
		B47CF37B1E5E908100225B85 /* StatsViewController.swift in Sources */ = {isa = PBXBuildFile; fileRef = B47CF37A1E5E908100225B85 /* StatsViewController.swift */; };
		B4B49B871E5EBE4B001CE1C7 /* ReleaseFiltersViewController.swift in Sources */ = {isa = PBXBuildFile; fileRef = B4B49B861E5EBE4B001CE1C7 /* ReleaseFiltersViewController.swift */; };
		B4B940AE1E6131B800F52027 /* NotificationsViewController.swift in Sources */ = {isa = PBXBuildFile; fileRef = B4B940AD1E6131B800F52027 /* NotificationsViewController.swift */; };
		B4CCFCBA1DB3485600D2277B /* ArtistReleasesTableViewController.swift in Sources */ = {isa = PBXBuildFile; fileRef = B4CCFCB91DB3485600D2277B /* ArtistReleasesTableViewController.swift */; };
		B4CCFCBC1DB3F8EE00D2277B /* ArtistReleaseTableViewCell.swift in Sources */ = {isa = PBXBuildFile; fileRef = B4CCFCBB1DB3F8EE00D2277B /* ArtistReleaseTableViewCell.swift */; };
		B4CCFCC51DB4311B00D2277B /* ImportAppleMusicViewController.swift in Sources */ = {isa = PBXBuildFile; fileRef = B4CCFCC41DB4311B00D2277B /* ImportAppleMusicViewController.swift */; };
		B4CCFCC71DB4353E00D2277B /* NumuUIButton.swift in Sources */ = {isa = PBXBuildFile; fileRef = B4CCFCC61DB4353E00D2277B /* NumuUIButton.swift */; };
		B4CCFCC91DB447B200D2277B /* HelpViewController.swift in Sources */ = {isa = PBXBuildFile; fileRef = B4CCFCC81DB447B200D2277B /* HelpViewController.swift */; };
		B4F1E3AB2058C6C100F2544A /* NumuReviewHelper.swift in Sources */ = {isa = PBXBuildFile; fileRef = B4F1E3AA2058C6C100F2544A /* NumuReviewHelper.swift */; };
		E4EB5ACCF23F58468A5C04FF /* Pods_Numu_Tracker.framework in Frameworks */ = {isa = PBXBuildFile; fileRef = CBD0F3687066D64A7B28C145 /* Pods_Numu_Tracker.framework */; };
/* End PBXBuildFile section */

/* Begin PBXFileReference section */
		01361C8695313B7121751750 /* Pods-Numu Tracker.debug.xcconfig */ = {isa = PBXFileReference; includeInIndex = 1; lastKnownFileType = text.xcconfig; name = "Pods-Numu Tracker.debug.xcconfig"; path = "Pods/Target Support Files/Pods-Numu Tracker/Pods-Numu Tracker.debug.xcconfig"; sourceTree = "<group>"; };
		4401CBB7215DC8D000B0EB23 /* AlbumArtCache.swift */ = {isa = PBXFileReference; fileEncoding = 4; lastKnownFileType = sourcecode.swift; path = AlbumArtCache.swift; sourceTree = "<group>"; };
		4406A0022173A674002900E8 /* ImportSpotifyOperation.swift */ = {isa = PBXFileReference; lastKnownFileType = sourcecode.swift; path = ImportSpotifyOperation.swift; sourceTree = "<group>"; };
		4406A00621744F38002900E8 /* ListenAMTableViewCell.swift */ = {isa = PBXFileReference; lastKnownFileType = sourcecode.swift; path = ListenAMTableViewCell.swift; sourceTree = "<group>"; };
		4406A00721744F38002900E8 /* ListenAMTableViewCell.xib */ = {isa = PBXFileReference; lastKnownFileType = file.xib; path = ListenAMTableViewCell.xib; sourceTree = "<group>"; };
		443EBB8721702D430071A11D /* ImportSpotifyViewController.swift */ = {isa = PBXFileReference; lastKnownFileType = sourcecode.swift; path = ImportSpotifyViewController.swift; sourceTree = "<group>"; };
		443EBB89217053530071A11D /* LoginSpotifyViewController.swift */ = {isa = PBXFileReference; lastKnownFileType = sourcecode.swift; path = LoginSpotifyViewController.swift; sourceTree = "<group>"; };
		443EBB8A217053530071A11D /* LoginSpotifyViewController.xib */ = {isa = PBXFileReference; lastKnownFileType = file.xib; path = LoginSpotifyViewController.xib; sourceTree = "<group>"; };
		443EBB8D2170547A0071A11D /* ReleaseDetailsViewController.swift */ = {isa = PBXFileReference; lastKnownFileType = sourcecode.swift; path = ReleaseDetailsViewController.swift; sourceTree = "<group>"; };
		443EBB8E2170547A0071A11D /* ReleaseDetailsViewController.xib */ = {isa = PBXFileReference; lastKnownFileType = file.xib; path = ReleaseDetailsViewController.xib; sourceTree = "<group>"; };
		4459C3D521658A7900EB4048 /* NumuAlertView.swift */ = {isa = PBXFileReference; lastKnownFileType = sourcecode.swift; path = NumuAlertView.swift; sourceTree = "<group>"; };
		4459C3D621658A7900EB4048 /* NumuAlertView.xib */ = {isa = PBXFileReference; lastKnownFileType = file.xib; path = NumuAlertView.xib; sourceTree = "<group>"; };
		4461CB78215844C9001939F0 /* AsyncOperation.swift */ = {isa = PBXFileReference; lastKnownFileType = sourcecode.swift; path = AsyncOperation.swift; sourceTree = "<group>"; };
		4461CB7A2158470C001939F0 /* FetchJSONOperation.swift */ = {isa = PBXFileReference; lastKnownFileType = sourcecode.swift; path = FetchJSONOperation.swift; sourceTree = "<group>"; };
		4461CB7E21585488001939F0 /* NumuAPI.swift */ = {isa = PBXFileReference; lastKnownFileType = sourcecode.swift; path = NumuAPI.swift; sourceTree = "<group>"; };
		4461CB8021585673001939F0 /* CloudKit.framework */ = {isa = PBXFileReference; lastKnownFileType = wrapper.framework; name = CloudKit.framework; path = System/Library/Frameworks/CloudKit.framework; sourceTree = SDKROOT; };
		4461CB8421588C54001939F0 /* GetCKUserOperation.swift */ = {isa = PBXFileReference; lastKnownFileType = sourcecode.swift; path = GetCKUserOperation.swift; sourceTree = "<group>"; };
		4461CB8A21589AB4001939F0 /* RegisterWithCKOperation.swift */ = {isa = PBXFileReference; lastKnownFileType = sourcecode.swift; path = RegisterWithCKOperation.swift; sourceTree = "<group>"; };
		4461CB8C21589D7A001939F0 /* AuthOperation.swift */ = {isa = PBXFileReference; lastKnownFileType = sourcecode.swift; path = AuthOperation.swift; sourceTree = "<group>"; };
		446DBDE7215AF82400AE2AA7 /* ImportAppleMusicOperation.swift */ = {isa = PBXFileReference; lastKnownFileType = sourcecode.swift; path = ImportAppleMusicOperation.swift; sourceTree = "<group>"; };
		447FED3421780B410084530E /* ListenSpotifyTableViewCell.swift */ = {isa = PBXFileReference; lastKnownFileType = sourcecode.swift; path = ListenSpotifyTableViewCell.swift; sourceTree = "<group>"; };
		447FED3521780B410084530E /* ListenSpotifyTableViewCell.xib */ = {isa = PBXFileReference; lastKnownFileType = file.xib; path = ListenSpotifyTableViewCell.xib; sourceTree = "<group>"; };
		447FED3D217B839F0084530E /* MusicServicesViewController.swift */ = {isa = PBXFileReference; lastKnownFileType = sourcecode.swift; path = MusicServicesViewController.swift; sourceTree = "<group>"; };
		447FED3F217BA34A0084530E /* SearchSoundCloudTableViewCell.swift */ = {isa = PBXFileReference; lastKnownFileType = sourcecode.swift; path = SearchSoundCloudTableViewCell.swift; sourceTree = "<group>"; };
		447FED40217BA34A0084530E /* SearchSoundCloudTableViewCell.xib */ = {isa = PBXFileReference; lastKnownFileType = file.xib; path = SearchSoundCloudTableViewCell.xib; sourceTree = "<group>"; };
		447FED43217BB68D0084530E /* SearchYouTubeTableViewCell.swift */ = {isa = PBXFileReference; lastKnownFileType = sourcecode.swift; path = SearchYouTubeTableViewCell.swift; sourceTree = "<group>"; };
		447FED44217BB68D0084530E /* SearchYouTubeTableViewCell.xib */ = {isa = PBXFileReference; lastKnownFileType = file.xib; path = SearchYouTubeTableViewCell.xib; sourceTree = "<group>"; };
		447FED47217BC17C0084530E /* NumuModalButton.swift */ = {isa = PBXFileReference; lastKnownFileType = sourcecode.swift; path = NumuModalButton.swift; sourceTree = "<group>"; };
		448C68EA21CB092B00ECEC61 /* AlertModal.swift */ = {isa = PBXFileReference; lastKnownFileType = sourcecode.swift; path = AlertModal.swift; sourceTree = "<group>"; };
		449F5A792176B99900B9C919 /* MoreReleasesTableViewCell.swift */ = {isa = PBXFileReference; lastKnownFileType = sourcecode.swift; path = MoreReleasesTableViewCell.swift; sourceTree = "<group>"; };
		449F5A7A2176B99900B9C919 /* MoreReleasesTableViewCell.xib */ = {isa = PBXFileReference; lastKnownFileType = file.xib; path = MoreReleasesTableViewCell.xib; sourceTree = "<group>"; };
		44D3916E21691D5000CFB9A3 /* NumuSortView.swift */ = {isa = PBXFileReference; lastKnownFileType = sourcecode.swift; path = NumuSortView.swift; sourceTree = "<group>"; };
		44D3916F21691D5000CFB9A3 /* NumuSortView.xib */ = {isa = PBXFileReference; lastKnownFileType = file.xib; path = NumuSortView.xib; sourceTree = "<group>"; };
		AE619F4A3C507ABD0012177C /* Pods-Numu Tracker.release.xcconfig */ = {isa = PBXFileReference; includeInIndex = 1; lastKnownFileType = text.xcconfig; name = "Pods-Numu Tracker.release.xcconfig"; path = "Pods/Target Support Files/Pods-Numu Tracker/Pods-Numu Tracker.release.xcconfig"; sourceTree = "<group>"; };
		B40E35911DB1D88C004BA8C7 /* NumuTabBarController.swift */ = {isa = PBXFileReference; fileEncoding = 4; lastKnownFileType = sourcecode.swift; path = NumuTabBarController.swift; sourceTree = "<group>"; };
		B416A65F1DC52A91000F86D9 /* AllReleasesTableViewController.swift */ = {isa = PBXFileReference; fileEncoding = 4; lastKnownFileType = sourcecode.swift; path = AllReleasesTableViewController.swift; sourceTree = "<group>"; };
		B416A6611DC52DBA000F86D9 /* ReleaseTableViewCell.swift */ = {isa = PBXFileReference; fileEncoding = 4; lastKnownFileType = sourcecode.swift; path = ReleaseTableViewCell.swift; sourceTree = "<group>"; };
		B416A6631DC52FBC000F86D9 /* ReleaseData.swift */ = {isa = PBXFileReference; fileEncoding = 4; lastKnownFileType = sourcecode.swift; path = ReleaseData.swift; sourceTree = "<group>"; };
		B4283A811D8548F300467CE6 /* Numu Tracker.app */ = {isa = PBXFileReference; explicitFileType = wrapper.application; includeInIndex = 0; path = "Numu Tracker.app"; sourceTree = BUILT_PRODUCTS_DIR; };
		B4283A841D8548F300467CE6 /* AppDelegate.swift */ = {isa = PBXFileReference; lastKnownFileType = sourcecode.swift; path = AppDelegate.swift; sourceTree = "<group>"; };
		B4283A8B1D8548F300467CE6 /* Base */ = {isa = PBXFileReference; lastKnownFileType = file.storyboard; name = Base; path = Base.lproj/Main.storyboard; sourceTree = "<group>"; };
		B4283A8D1D8548F300467CE6 /* Assets.xcassets */ = {isa = PBXFileReference; lastKnownFileType = folder.assetcatalog; path = Assets.xcassets; sourceTree = "<group>"; };
		B4283A901D8548F300467CE6 /* Base */ = {isa = PBXFileReference; lastKnownFileType = file.storyboard; name = Base; path = Base.lproj/LaunchScreen.storyboard; sourceTree = "<group>"; };
		B4283A921D8548F300467CE6 /* Info.plist */ = {isa = PBXFileReference; lastKnownFileType = text.plist.xml; path = Info.plist; sourceTree = "<group>"; };
		B4283ABC1D8658AD00467CE6 /* ReleaseItem.swift */ = {isa = PBXFileReference; fileEncoding = 4; lastKnownFileType = sourcecode.swift; path = ReleaseItem.swift; sourceTree = "<group>"; };
		B42866071DA5FC53000E5FA6 /* User.swift */ = {isa = PBXFileReference; fileEncoding = 4; lastKnownFileType = sourcecode.swift; path = User.swift; sourceTree = "<group>"; };
		B43AF1E31DCE4C94008F7EBD /* Numu Tracker.entitlements */ = {isa = PBXFileReference; lastKnownFileType = text.plist.entitlements; path = "Numu Tracker.entitlements"; sourceTree = "<group>"; };
		B43E36B11F5DFAD0009834C9 /* LogRegPromptViewController.swift */ = {isa = PBXFileReference; lastKnownFileType = sourcecode.swift; path = LogRegPromptViewController.swift; sourceTree = "<group>"; };
		B440D9D41DB2D13900477938 /* ArtistsTableViewController.swift */ = {isa = PBXFileReference; fileEncoding = 4; lastKnownFileType = sourcecode.swift; path = ArtistsTableViewController.swift; sourceTree = "<group>"; };
		B440D9D61DB2D19300477938 /* ArtistItem.swift */ = {isa = PBXFileReference; fileEncoding = 4; lastKnownFileType = sourcecode.swift; path = ArtistItem.swift; sourceTree = "<group>"; };
		B440D9D81DB2D28A00477938 /* ArtistTableViewCell.swift */ = {isa = PBXFileReference; fileEncoding = 4; lastKnownFileType = sourcecode.swift; path = ArtistTableViewCell.swift; sourceTree = "<group>"; };
		B45A133C20548632001EBDA5 /* NumuCredential.swift */ = {isa = PBXFileReference; lastKnownFileType = sourcecode.swift; path = NumuCredential.swift; sourceTree = "<group>"; };
		B45A133E2054CBDF001EBDA5 /* NumuClient.swift */ = {isa = PBXFileReference; lastKnownFileType = sourcecode.swift; path = NumuClient.swift; sourceTree = "<group>"; };
		B45A134020551C46001EBDA5 /* Extensions.swift */ = {isa = PBXFileReference; lastKnownFileType = sourcecode.swift; path = Extensions.swift; sourceTree = "<group>"; };
		B46754571F6DA66F00C80544 /* InstructionsViewController.swift */ = {isa = PBXFileReference; lastKnownFileType = sourcecode.swift; path = InstructionsViewController.swift; sourceTree = "<group>"; };
		B471648C1F5FA24600D4E03E /* NumuTextField.swift */ = {isa = PBXFileReference; lastKnownFileType = sourcecode.swift; path = NumuTextField.swift; sourceTree = "<group>"; };
		B47CF37A1E5E908100225B85 /* StatsViewController.swift */ = {isa = PBXFileReference; fileEncoding = 4; lastKnownFileType = sourcecode.swift; path = StatsViewController.swift; sourceTree = "<group>"; };
		B4B49B861E5EBE4B001CE1C7 /* ReleaseFiltersViewController.swift */ = {isa = PBXFileReference; fileEncoding = 4; lastKnownFileType = sourcecode.swift; path = ReleaseFiltersViewController.swift; sourceTree = "<group>"; };
		B4B940AD1E6131B800F52027 /* NotificationsViewController.swift */ = {isa = PBXFileReference; fileEncoding = 4; lastKnownFileType = sourcecode.swift; path = NotificationsViewController.swift; sourceTree = "<group>"; };
		B4CCFCB91DB3485600D2277B /* ArtistReleasesTableViewController.swift */ = {isa = PBXFileReference; fileEncoding = 4; lastKnownFileType = sourcecode.swift; path = ArtistReleasesTableViewController.swift; sourceTree = "<group>"; };
		B4CCFCBB1DB3F8EE00D2277B /* ArtistReleaseTableViewCell.swift */ = {isa = PBXFileReference; fileEncoding = 4; lastKnownFileType = sourcecode.swift; path = ArtistReleaseTableViewCell.swift; sourceTree = "<group>"; };
		B4CCFCC41DB4311B00D2277B /* ImportAppleMusicViewController.swift */ = {isa = PBXFileReference; fileEncoding = 4; lastKnownFileType = sourcecode.swift; path = ImportAppleMusicViewController.swift; sourceTree = "<group>"; };
		B4CCFCC61DB4353E00D2277B /* NumuUIButton.swift */ = {isa = PBXFileReference; fileEncoding = 4; lastKnownFileType = sourcecode.swift; path = NumuUIButton.swift; sourceTree = "<group>"; };
		B4CCFCC81DB447B200D2277B /* HelpViewController.swift */ = {isa = PBXFileReference; fileEncoding = 4; lastKnownFileType = sourcecode.swift; path = HelpViewController.swift; sourceTree = "<group>"; };
		B4F1E3AA2058C6C100F2544A /* NumuReviewHelper.swift */ = {isa = PBXFileReference; lastKnownFileType = sourcecode.swift; path = NumuReviewHelper.swift; sourceTree = "<group>"; };
		CBD0F3687066D64A7B28C145 /* Pods_Numu_Tracker.framework */ = {isa = PBXFileReference; explicitFileType = wrapper.framework; includeInIndex = 0; path = Pods_Numu_Tracker.framework; sourceTree = BUILT_PRODUCTS_DIR; };
/* End PBXFileReference section */

/* Begin PBXFrameworksBuildPhase section */
		B4283A7E1D8548F300467CE6 /* Frameworks */ = {
			isa = PBXFrameworksBuildPhase;
			buildActionMask = 2147483647;
			files = (
				E4EB5ACCF23F58468A5C04FF /* Pods_Numu_Tracker.framework in Frameworks */,
				4461CB8121585673001939F0 /* CloudKit.framework in Frameworks */,
			);
			runOnlyForDeploymentPostprocessing = 0;
		};
/* End PBXFrameworksBuildPhase section */

/* Begin PBXGroup section */
		14F28C739AD176DB0069BA7E /* Frameworks */ = {
			isa = PBXGroup;
			children = (
				4461CB8021585673001939F0 /* CloudKit.framework */,
				CBD0F3687066D64A7B28C145 /* Pods_Numu_Tracker.framework */,
			);
			name = Frameworks;
			sourceTree = "<group>";
		};
		440653912159C1040059C3D3 /* Auth */ = {
			isa = PBXGroup;
			children = (
				4461CB8421588C54001939F0 /* GetCKUserOperation.swift */,
				4461CB8A21589AB4001939F0 /* RegisterWithCKOperation.swift */,
				4461CB8C21589D7A001939F0 /* AuthOperation.swift */,
			);
			path = Auth;
			sourceTree = "<group>";
		};
		441CC0A7215C516E009F4114 /* Classes */ = {
			isa = PBXGroup;
			children = (
				441CC0A9215C522E009F4114 /* Interface */,
				B42866071DA5FC53000E5FA6 /* User.swift */,
				B440D9D61DB2D19300477938 /* ArtistItem.swift */,
				B4283ABC1D8658AD00467CE6 /* ReleaseItem.swift */,
				B416A6631DC52FBC000F86D9 /* ReleaseData.swift */,
			);
			path = Classes;
			sourceTree = "<group>";
		};
		441CC0A8215C51DE009F4114 /* Views */ = {
			isa = PBXGroup;
			children = (
				B4283A8A1D8548F300467CE6 /* Main.storyboard */,
				B4283A8F1D8548F300467CE6 /* LaunchScreen.storyboard */,
				B4D525E31E353187000B7ADD /* Releases */,
				B4CCFCBE1DB425A000D2277B /* Artist Releases */,
				B4CCFCBD1DB4258C00D2277B /* Artists */,
				B4CCFCC01DB425D900D2277B /* More */,
				447FED38217811810084530E /* Modals */,
			);
			path = Views;
			sourceTree = "<group>";
		};
		441CC0A9215C522E009F4114 /* Interface */ = {
			isa = PBXGroup;
			children = (
				B4CCFCC61DB4353E00D2277B /* NumuUIButton.swift */,
				B471648C1F5FA24600D4E03E /* NumuTextField.swift */,
				B40E35911DB1D88C004BA8C7 /* NumuTabBarController.swift */,
			);
			path = Interface;
			sourceTree = "<group>";
		};
		443EBB91217054800071A11D /* Release Details */ = {
			isa = PBXGroup;
			children = (
				44B613B2217562A7004A4F3F /* Rows */,
				443EBB8D2170547A0071A11D /* ReleaseDetailsViewController.swift */,
				443EBB8E2170547A0071A11D /* ReleaseDetailsViewController.xib */,
			);
			path = "Release Details";
			sourceTree = "<group>";
		};
		443EBB922170600E0071A11D /* Spotify Login */ = {
			isa = PBXGroup;
			children = (
				443EBB89217053530071A11D /* LoginSpotifyViewController.swift */,
				443EBB8A217053530071A11D /* LoginSpotifyViewController.xib */,
			);
			path = "Spotify Login";
			sourceTree = "<group>";
		};
		4461CB77215844AB001939F0 /* Operations */ = {
			isa = PBXGroup;
			children = (
				440653912159C1040059C3D3 /* Auth */,
				4461CB78215844C9001939F0 /* AsyncOperation.swift */,
				4461CB7A2158470C001939F0 /* FetchJSONOperation.swift */,
				446DBDE7215AF82400AE2AA7 /* ImportAppleMusicOperation.swift */,
				4406A0022173A674002900E8 /* ImportSpotifyOperation.swift */,
				448C68EA21CB092B00ECEC61 /* AlertModal.swift */,
			);
			path = Operations;
			sourceTree = "<group>";
		};
		447FED38217811810084530E /* Modals */ = {
			isa = PBXGroup;
			children = (
				44D3916D21691D3100CFB9A3 /* Alert */,
				44D3917221691D5400CFB9A3 /* Sort */,
				443EBB91217054800071A11D /* Release Details */,
			);
			path = Modals;
			sourceTree = "<group>";
		};
		447FED3A217B819E0084530E /* Import Artists */ = {
			isa = PBXGroup;
			children = (
				B4CCFCC41DB4311B00D2277B /* ImportAppleMusicViewController.swift */,
				443EBB8721702D430071A11D /* ImportSpotifyViewController.swift */,
			);
			path = "Import Artists";
			sourceTree = "<group>";
		};
		44B613B2217562A7004A4F3F /* Rows */ = {
			isa = PBXGroup;
			children = (
				4406A00621744F38002900E8 /* ListenAMTableViewCell.swift */,
				4406A00721744F38002900E8 /* ListenAMTableViewCell.xib */,
				449F5A792176B99900B9C919 /* MoreReleasesTableViewCell.swift */,
				449F5A7A2176B99900B9C919 /* MoreReleasesTableViewCell.xib */,
				447FED3421780B410084530E /* ListenSpotifyTableViewCell.swift */,
				447FED3521780B410084530E /* ListenSpotifyTableViewCell.xib */,
				447FED3F217BA34A0084530E /* SearchSoundCloudTableViewCell.swift */,
				447FED40217BA34A0084530E /* SearchSoundCloudTableViewCell.xib */,
				447FED43217BB68D0084530E /* SearchYouTubeTableViewCell.swift */,
				447FED44217BB68D0084530E /* SearchYouTubeTableViewCell.xib */,
				447FED47217BC17C0084530E /* NumuModalButton.swift */,
			);
			path = Rows;
			sourceTree = "<group>";
		};
		44D3916D21691D3100CFB9A3 /* Alert */ = {
			isa = PBXGroup;
			children = (
				4459C3D521658A7900EB4048 /* NumuAlertView.swift */,
				4459C3D621658A7900EB4048 /* NumuAlertView.xib */,
			);
			path = Alert;
			sourceTree = "<group>";
		};
		44D3917221691D5400CFB9A3 /* Sort */ = {
			isa = PBXGroup;
			children = (
				44D3916E21691D5000CFB9A3 /* NumuSortView.swift */,
				44D3916F21691D5000CFB9A3 /* NumuSortView.xib */,
			);
			path = Sort;
			sourceTree = "<group>";
		};
		B4283A781D8548F300467CE6 = {
			isa = PBXGroup;
			children = (
				B4283A831D8548F300467CE6 /* Numu Tracker */,
				B4283A821D8548F300467CE6 /* Products */,
				EEC8C01A78FB4165AD408083 /* Pods */,
				14F28C739AD176DB0069BA7E /* Frameworks */,
			);
			sourceTree = "<group>";
		};
		B4283A821D8548F300467CE6 /* Products */ = {
			isa = PBXGroup;
			children = (
				B4283A811D8548F300467CE6 /* Numu Tracker.app */,
			);
			name = Products;
			sourceTree = "<group>";
		};
		B4283A831D8548F300467CE6 /* Numu Tracker */ = {
			isa = PBXGroup;
			children = (
				B4283A921D8548F300467CE6 /* Info.plist */,
				B4283A841D8548F300467CE6 /* AppDelegate.swift */,
				B43AF1E31DCE4C94008F7EBD /* Numu Tracker.entitlements */,
				B4283A8D1D8548F300467CE6 /* Assets.xcassets */,
				4461CB77215844AB001939F0 /* Operations */,
				441CC0A8215C51DE009F4114 /* Views */,
				441CC0A7215C516E009F4114 /* Classes */,
				B4CCFCC11DB425FD00D2277B /* Backend */,
			);
			path = "Numu Tracker";
			sourceTree = "<group>";
		};
		B4CCFCBD1DB4258C00D2277B /* Artists */ = {
			isa = PBXGroup;
			children = (
				B440D9D41DB2D13900477938 /* ArtistsTableViewController.swift */,
				B440D9D81DB2D28A00477938 /* ArtistTableViewCell.swift */,
			);
			name = Artists;
			path = artists;
			sourceTree = "<group>";
		};
		B4CCFCBE1DB425A000D2277B /* Artist Releases */ = {
			isa = PBXGroup;
			children = (
				B4CCFCB91DB3485600D2277B /* ArtistReleasesTableViewController.swift */,
				B4CCFCBB1DB3F8EE00D2277B /* ArtistReleaseTableViewCell.swift */,
			);
			name = "Artist Releases";
			path = artistreleases;
			sourceTree = "<group>";
		};
		B4CCFCC01DB425D900D2277B /* More */ = {
			isa = PBXGroup;
			children = (
				447FED3A217B819E0084530E /* Import Artists */,
				443EBB922170600E0071A11D /* Spotify Login */,
				B4CCFCC81DB447B200D2277B /* HelpViewController.swift */,
				B47CF37A1E5E908100225B85 /* StatsViewController.swift */,
				B4B49B861E5EBE4B001CE1C7 /* ReleaseFiltersViewController.swift */,
				B4B940AD1E6131B800F52027 /* NotificationsViewController.swift */,
				B46754571F6DA66F00C80544 /* InstructionsViewController.swift */,
				B43E36B11F5DFAD0009834C9 /* LogRegPromptViewController.swift */,
				447FED3D217B839F0084530E /* MusicServicesViewController.swift */,
			);
			name = More;
			path = settings;
			sourceTree = "<group>";
		};
		B4CCFCC11DB425FD00D2277B /* Backend */ = {
			isa = PBXGroup;
			children = (
				4401CBB7215DC8D000B0EB23 /* AlbumArtCache.swift */,
				B45A133C20548632001EBDA5 /* NumuCredential.swift */,
				B45A133E2054CBDF001EBDA5 /* NumuClient.swift */,
				B45A134020551C46001EBDA5 /* Extensions.swift */,
				B4F1E3AA2058C6C100F2544A /* NumuReviewHelper.swift */,
				4461CB7E21585488001939F0 /* NumuAPI.swift */,
			);
			name = Backend;
			path = backend;
			sourceTree = "<group>";
		};
		B4D525E31E353187000B7ADD /* Releases */ = {
			isa = PBXGroup;
			children = (
				B416A6611DC52DBA000F86D9 /* ReleaseTableViewCell.swift */,
				B416A65F1DC52A91000F86D9 /* AllReleasesTableViewController.swift */,
			);
			name = Releases;
			path = releases;
			sourceTree = "<group>";
		};
		EEC8C01A78FB4165AD408083 /* Pods */ = {
			isa = PBXGroup;
			children = (
				01361C8695313B7121751750 /* Pods-Numu Tracker.debug.xcconfig */,
				AE619F4A3C507ABD0012177C /* Pods-Numu Tracker.release.xcconfig */,
			);
			name = Pods;
			sourceTree = "<group>";
		};
/* End PBXGroup section */

/* Begin PBXNativeTarget section */
		B4283A801D8548F300467CE6 /* Numu Tracker */ = {
			isa = PBXNativeTarget;
			buildConfigurationList = B4283AAB1D8548F300467CE6 /* Build configuration list for PBXNativeTarget "Numu Tracker" */;
			buildPhases = (
				D3F8613DB5ED26A875BB299C /* [CP] Check Pods Manifest.lock */,
				B4283A7D1D8548F300467CE6 /* Sources */,
				B4283A7E1D8548F300467CE6 /* Frameworks */,
				B4283A7F1D8548F300467CE6 /* Resources */,
				12A3AF21782474EB2C416A9D /* [CP] Embed Pods Frameworks */,
				B48D5FE01F6CE6D70045961A /* Fabric */,
				441CC0AA215C583E009F4114 /* Increment Build Number */,
				441CC0AB215C5863009F4114 /* Run SwiftLint */,
			);
			buildRules = (
			);
			dependencies = (
			);
			name = "Numu Tracker";
			productName = "Numu Tracker";
			productReference = B4283A811D8548F300467CE6 /* Numu Tracker.app */;
			productType = "com.apple.product-type.application";
		};
/* End PBXNativeTarget section */

/* Begin PBXProject section */
		B4283A791D8548F300467CE6 /* Project object */ = {
			isa = PBXProject;
			attributes = {
				LastSwiftUpdateCheck = 0800;
				LastUpgradeCheck = 0930;
				ORGANIZATIONNAME = "Numu Tracker";
				TargetAttributes = {
					B4283A801D8548F300467CE6 = {
						CreatedOnToolsVersion = 8.0;
						DevelopmentTeam = 2Y9M69QJKZ;
						LastSwiftMigration = 1000;
						ProvisioningStyle = Automatic;
						SystemCapabilities = {
							com.apple.BackgroundModes = {
								enabled = 1;
							};
							com.apple.InAppPurchase = {
								enabled = 0;
							};
							com.apple.Push = {
								enabled = 1;
							};
							com.apple.iCloud = {
								enabled = 1;
							};
						};
					};
				};
			};
			buildConfigurationList = B4283A7C1D8548F300467CE6 /* Build configuration list for PBXProject "Numu Tracker" */;
			compatibilityVersion = "Xcode 3.2";
			developmentRegion = English;
			hasScannedForEncodings = 0;
			knownRegions = (
				en,
				Base,
			);
			mainGroup = B4283A781D8548F300467CE6;
			productRefGroup = B4283A821D8548F300467CE6 /* Products */;
			projectDirPath = "";
			projectRoot = "";
			targets = (
				B4283A801D8548F300467CE6 /* Numu Tracker */,
			);
		};
/* End PBXProject section */

/* Begin PBXResourcesBuildPhase section */
		B4283A7F1D8548F300467CE6 /* Resources */ = {
			isa = PBXResourcesBuildPhase;
			buildActionMask = 2147483647;
			files = (
				447FED42217BA34A0084530E /* SearchSoundCloudTableViewCell.xib in Resources */,
				44D3917121691D5000CFB9A3 /* NumuSortView.xib in Resources */,
				443EBB902170547A0071A11D /* ReleaseDetailsViewController.xib in Resources */,
				4459C3D821658A7900EB4048 /* NumuAlertView.xib in Resources */,
				443EBB8C217053530071A11D /* LoginSpotifyViewController.xib in Resources */,
				B4283A911D8548F300467CE6 /* LaunchScreen.storyboard in Resources */,
				449F5A7C2176B99900B9C919 /* MoreReleasesTableViewCell.xib in Resources */,
				447FED3721780B410084530E /* ListenSpotifyTableViewCell.xib in Resources */,
				B4283A8E1D8548F300467CE6 /* Assets.xcassets in Resources */,
				447FED46217BB68D0084530E /* SearchYouTubeTableViewCell.xib in Resources */,
				4406A00921744F38002900E8 /* ListenAMTableViewCell.xib in Resources */,
				B4283A8C1D8548F300467CE6 /* Main.storyboard in Resources */,
			);
			runOnlyForDeploymentPostprocessing = 0;
		};
/* End PBXResourcesBuildPhase section */

/* Begin PBXShellScriptBuildPhase section */
		12A3AF21782474EB2C416A9D /* [CP] Embed Pods Frameworks */ = {
			isa = PBXShellScriptBuildPhase;
			buildActionMask = 2147483647;
			files = (
			);
			inputPaths = (
				"${SRCROOT}/Pods/Target Support Files/Pods-Numu Tracker/Pods-Numu Tracker-frameworks.sh",
				"${BUILT_PRODUCTS_DIR}/AlamoRecord/AlamoRecord.framework",
				"${BUILT_PRODUCTS_DIR}/Alamofire/Alamofire.framework",
				"${BUILT_PRODUCTS_DIR}/AlamofireObjectMapper/AlamofireObjectMapper.framework",
				"${BUILT_PRODUCTS_DIR}/CryptoSwift/CryptoSwift.framework",
				"${BUILT_PRODUCTS_DIR}/Kingfisher/Kingfisher.framework",
				"${BUILT_PRODUCTS_DIR}/ObjectMapper/ObjectMapper.framework",
				"${BUILT_PRODUCTS_DIR}/PusherSwift/PusherSwift.framework",
				"${BUILT_PRODUCTS_DIR}/ReachabilitySwift/Reachability.framework",
				"${BUILT_PRODUCTS_DIR}/Spartan/Spartan.framework",
				"${BUILT_PRODUCTS_DIR}/SpotifyLogin/SpotifyLogin.framework",
				"${BUILT_PRODUCTS_DIR}/Starscream/Starscream.framework",
				"${BUILT_PRODUCTS_DIR}/SwiftyJSON/SwiftyJSON.framework",
				"${BUILT_PRODUCTS_DIR}/TaskQueue/TaskQueue.framework",
			);
			name = "[CP] Embed Pods Frameworks";
			outputPaths = (
				"${TARGET_BUILD_DIR}/${FRAMEWORKS_FOLDER_PATH}/AlamoRecord.framework",
				"${TARGET_BUILD_DIR}/${FRAMEWORKS_FOLDER_PATH}/Alamofire.framework",
				"${TARGET_BUILD_DIR}/${FRAMEWORKS_FOLDER_PATH}/AlamofireObjectMapper.framework",
				"${TARGET_BUILD_DIR}/${FRAMEWORKS_FOLDER_PATH}/CryptoSwift.framework",
				"${TARGET_BUILD_DIR}/${FRAMEWORKS_FOLDER_PATH}/Kingfisher.framework",
				"${TARGET_BUILD_DIR}/${FRAMEWORKS_FOLDER_PATH}/ObjectMapper.framework",
				"${TARGET_BUILD_DIR}/${FRAMEWORKS_FOLDER_PATH}/PusherSwift.framework",
				"${TARGET_BUILD_DIR}/${FRAMEWORKS_FOLDER_PATH}/Reachability.framework",
				"${TARGET_BUILD_DIR}/${FRAMEWORKS_FOLDER_PATH}/Spartan.framework",
				"${TARGET_BUILD_DIR}/${FRAMEWORKS_FOLDER_PATH}/SpotifyLogin.framework",
				"${TARGET_BUILD_DIR}/${FRAMEWORKS_FOLDER_PATH}/Starscream.framework",
				"${TARGET_BUILD_DIR}/${FRAMEWORKS_FOLDER_PATH}/SwiftyJSON.framework",
				"${TARGET_BUILD_DIR}/${FRAMEWORKS_FOLDER_PATH}/TaskQueue.framework",
			);
			runOnlyForDeploymentPostprocessing = 0;
			shellPath = /bin/sh;
			shellScript = "\"${SRCROOT}/Pods/Target Support Files/Pods-Numu Tracker/Pods-Numu Tracker-frameworks.sh\"\n";
			showEnvVarsInLog = 0;
		};
		441CC0AA215C583E009F4114 /* Increment Build Number */ = {
			isa = PBXShellScriptBuildPhase;
			buildActionMask = 2147483647;
			files = (
			);
			inputFileListPaths = (
			);
			inputPaths = (
			);
			name = "Increment Build Number";
			outputFileListPaths = (
			);
			outputPaths = (
			);
			runOnlyForDeploymentPostprocessing = 0;
			shellPath = /bin/sh;
			shellScript = "buildNumber=$(/usr/libexec/PlistBuddy -c \"Print CFBundleVersion\" \"${PROJECT_DIR}/${INFOPLIST_FILE}\")\nbuildNumber=$(($buildNumber + 1))\n/usr/libexec/PlistBuddy -c \"Set :CFBundleVersion $buildNumber\" \"${PROJECT_DIR}/${INFOPLIST_FILE}\"\n";
		};
		441CC0AB215C5863009F4114 /* Run SwiftLint */ = {
			isa = PBXShellScriptBuildPhase;
			buildActionMask = 2147483647;
			files = (
			);
			inputFileListPaths = (
			);
			inputPaths = (
			);
			name = "Run SwiftLint";
			outputFileListPaths = (
			);
			outputPaths = (
			);
			runOnlyForDeploymentPostprocessing = 0;
			shellPath = /bin/sh;
			shellScript = "if which swiftlint >/dev/null; then\nswiftlint\nelse\necho \"warning: SwiftLint not installed, download from https://github.com/realm/SwiftLint\"\nfi\n";
		};
		B48D5FE01F6CE6D70045961A /* Fabric */ = {
			isa = PBXShellScriptBuildPhase;
			buildActionMask = 2147483647;
			files = (
			);
			inputPaths = (
				"$(BUILT_PRODUCTS_DIR)/$(INFOPLIST_PATH)",
			);
			name = Fabric;
			outputPaths = (
			);
			runOnlyForDeploymentPostprocessing = 0;
			shellPath = /bin/sh;
			shellScript = "\"${PODS_ROOT}/Fabric/run\" ff4e55ebc57e75e6e936e72b99c0b8594aa42c9d 315e988aaa579ad0d2389921dea2e0b6ea6b2698eaf3bfb7d9b0eefa78cc4afd\n";
		};
		D3F8613DB5ED26A875BB299C /* [CP] Check Pods Manifest.lock */ = {
			isa = PBXShellScriptBuildPhase;
			buildActionMask = 2147483647;
			files = (
			);
			inputPaths = (
				"${PODS_PODFILE_DIR_PATH}/Podfile.lock",
				"${PODS_ROOT}/Manifest.lock",
			);
			name = "[CP] Check Pods Manifest.lock";
			outputPaths = (
				"$(DERIVED_FILE_DIR)/Pods-Numu Tracker-checkManifestLockResult.txt",
			);
			runOnlyForDeploymentPostprocessing = 0;
			shellPath = /bin/sh;
			shellScript = "diff \"${PODS_PODFILE_DIR_PATH}/Podfile.lock\" \"${PODS_ROOT}/Manifest.lock\" > /dev/null\nif [ $? != 0 ] ; then\n    # print error to STDERR\n    echo \"error: The sandbox is not in sync with the Podfile.lock. Run 'pod install' or update your CocoaPods installation.\" >&2\n    exit 1\nfi\n# This output is used by Xcode 'outputs' to avoid re-running this script phase.\necho \"SUCCESS\" > \"${SCRIPT_OUTPUT_FILE_0}\"\n";
			showEnvVarsInLog = 0;
		};
/* End PBXShellScriptBuildPhase section */

/* Begin PBXSourcesBuildPhase section */
		B4283A7D1D8548F300467CE6 /* Sources */ = {
			isa = PBXSourcesBuildPhase;
			buildActionMask = 2147483647;
			files = (
				B45A133D20548632001EBDA5 /* NumuCredential.swift in Sources */,
				4461CB7B2158470C001939F0 /* FetchJSONOperation.swift in Sources */,
				4461CB8521588C54001939F0 /* GetCKUserOperation.swift in Sources */,
				443EBB8B217053530071A11D /* LoginSpotifyViewController.swift in Sources */,
				B45A133F2054CBDF001EBDA5 /* NumuClient.swift in Sources */,
				446DBDE8215AF82400AE2AA7 /* ImportAppleMusicOperation.swift in Sources */,
				4461CB8D21589D7A001939F0 /* AuthOperation.swift in Sources */,
				443EBB8821702D430071A11D /* ImportSpotifyViewController.swift in Sources */,
				447FED48217BC17C0084530E /* NumuModalButton.swift in Sources */,
				B4283ABD1D8658AD00467CE6 /* ReleaseItem.swift in Sources */,
				B4CCFCC91DB447B200D2277B /* HelpViewController.swift in Sources */,
				B4F1E3AB2058C6C100F2544A /* NumuReviewHelper.swift in Sources */,
				B46754581F6DA66F00C80544 /* InstructionsViewController.swift in Sources */,
				4461CB7F21585488001939F0 /* NumuAPI.swift in Sources */,
				448C68EB21CB092B00ECEC61 /* AlertModal.swift in Sources */,
				B4B940AE1E6131B800F52027 /* NotificationsViewController.swift in Sources */,
				447FED3E217B839F0084530E /* MusicServicesViewController.swift in Sources */,
				B4283A851D8548F300467CE6 /* AppDelegate.swift in Sources */,
				B47CF37B1E5E908100225B85 /* StatsViewController.swift in Sources */,
				B4CCFCC71DB4353E00D2277B /* NumuUIButton.swift in Sources */,
				B4CCFCC51DB4311B00D2277B /* ImportAppleMusicViewController.swift in Sources */,
				4461CB8B21589AB4001939F0 /* RegisterWithCKOperation.swift in Sources */,
				4401CBB8215DC8D000B0EB23 /* AlbumArtCache.swift in Sources */,
				4459C3D721658A7900EB4048 /* NumuAlertView.swift in Sources */,
				B440D9D71DB2D19300477938 /* ArtistItem.swift in Sources */,
				447FED41217BA34A0084530E /* SearchSoundCloudTableViewCell.swift in Sources */,
				B440D9D51DB2D13900477938 /* ArtistsTableViewController.swift in Sources */,
				447FED45217BB68D0084530E /* SearchYouTubeTableViewCell.swift in Sources */,
				B4B49B871E5EBE4B001CE1C7 /* ReleaseFiltersViewController.swift in Sources */,
				B471648D1F5FA24600D4E03E /* NumuTextField.swift in Sources */,
				B416A6641DC52FBC000F86D9 /* ReleaseData.swift in Sources */,
				B440D9D91DB2D28A00477938 /* ArtistTableViewCell.swift in Sources */,
				B416A6621DC52DBA000F86D9 /* ReleaseTableViewCell.swift in Sources */,
				4406A0032173A674002900E8 /* ImportSpotifyOperation.swift in Sources */,
				B45A134120551C46001EBDA5 /* Extensions.swift in Sources */,
				B42866081DA5FC53000E5FA6 /* User.swift in Sources */,
				4461CB79215844C9001939F0 /* AsyncOperation.swift in Sources */,
				443EBB8F2170547A0071A11D /* ReleaseDetailsViewController.swift in Sources */,
				44D3917021691D5000CFB9A3 /* NumuSortView.swift in Sources */,
				447FED3621780B410084530E /* ListenSpotifyTableViewCell.swift in Sources */,
				B4CCFCBC1DB3F8EE00D2277B /* ArtistReleaseTableViewCell.swift in Sources */,
				449F5A7B2176B99900B9C919 /* MoreReleasesTableViewCell.swift in Sources */,
				B40E35921DB1D88C004BA8C7 /* NumuTabBarController.swift in Sources */,
				B43E36B21F5DFAD0009834C9 /* LogRegPromptViewController.swift in Sources */,
				B4CCFCBA1DB3485600D2277B /* ArtistReleasesTableViewController.swift in Sources */,
				B416A6601DC52A91000F86D9 /* AllReleasesTableViewController.swift in Sources */,
				4406A00821744F38002900E8 /* ListenAMTableViewCell.swift in Sources */,
			);
			runOnlyForDeploymentPostprocessing = 0;
		};
/* End PBXSourcesBuildPhase section */

/* Begin PBXVariantGroup section */
		B4283A8A1D8548F300467CE6 /* Main.storyboard */ = {
			isa = PBXVariantGroup;
			children = (
				B4283A8B1D8548F300467CE6 /* Base */,
			);
			name = Main.storyboard;
			sourceTree = "<group>";
		};
		B4283A8F1D8548F300467CE6 /* LaunchScreen.storyboard */ = {
			isa = PBXVariantGroup;
			children = (
				B4283A901D8548F300467CE6 /* Base */,
			);
			name = LaunchScreen.storyboard;
			sourceTree = "<group>";
		};
/* End PBXVariantGroup section */

/* Begin XCBuildConfiguration section */
		B4283AA91D8548F300467CE6 /* Debug */ = {
			isa = XCBuildConfiguration;
			buildSettings = {
				ALWAYS_SEARCH_USER_PATHS = NO;
				CLANG_ANALYZER_NONNULL = YES;
				CLANG_CXX_LANGUAGE_STANDARD = "gnu++0x";
				CLANG_CXX_LIBRARY = "libc++";
				CLANG_ENABLE_MODULES = YES;
				CLANG_ENABLE_OBJC_ARC = YES;
				CLANG_WARN_BLOCK_CAPTURE_AUTORELEASING = YES;
				CLANG_WARN_BOOL_CONVERSION = YES;
				CLANG_WARN_COMMA = YES;
				CLANG_WARN_CONSTANT_CONVERSION = YES;
				CLANG_WARN_DEPRECATED_OBJC_IMPLEMENTATIONS = YES;
				CLANG_WARN_DIRECT_OBJC_ISA_USAGE = YES_ERROR;
				CLANG_WARN_DOCUMENTATION_COMMENTS = YES;
				CLANG_WARN_EMPTY_BODY = YES;
				CLANG_WARN_ENUM_CONVERSION = YES;
				CLANG_WARN_INFINITE_RECURSION = YES;
				CLANG_WARN_INT_CONVERSION = YES;
				CLANG_WARN_NON_LITERAL_NULL_CONVERSION = YES;
				CLANG_WARN_OBJC_IMPLICIT_RETAIN_SELF = YES;
				CLANG_WARN_OBJC_LITERAL_CONVERSION = YES;
				CLANG_WARN_OBJC_ROOT_CLASS = YES_ERROR;
				CLANG_WARN_RANGE_LOOP_ANALYSIS = YES;
				CLANG_WARN_STRICT_PROTOTYPES = YES;
				CLANG_WARN_SUSPICIOUS_MOVE = YES;
				CLANG_WARN_SUSPICIOUS_MOVES = YES;
				CLANG_WARN_UNREACHABLE_CODE = YES;
				CLANG_WARN__DUPLICATE_METHOD_MATCH = YES;
				CODE_SIGN_IDENTITY = "iPhone Developer";
				"CODE_SIGN_IDENTITY[sdk=iphoneos*]" = "iPhone Developer";
				COPY_PHASE_STRIP = NO;
				DEBUG_INFORMATION_FORMAT = "dwarf-with-dsym";
				ENABLE_STRICT_OBJC_MSGSEND = YES;
				ENABLE_TESTABILITY = YES;
				GCC_C_LANGUAGE_STANDARD = gnu99;
				GCC_DYNAMIC_NO_PIC = NO;
				GCC_NO_COMMON_BLOCKS = YES;
				GCC_OPTIMIZATION_LEVEL = 0;
				GCC_PREPROCESSOR_DEFINITIONS = (
					"DEBUG=1",
					"$(inherited)",
				);
				GCC_WARN_64_TO_32_BIT_CONVERSION = YES;
				GCC_WARN_ABOUT_RETURN_TYPE = YES_ERROR;
				GCC_WARN_UNDECLARED_SELECTOR = YES;
				GCC_WARN_UNINITIALIZED_AUTOS = YES_AGGRESSIVE;
				GCC_WARN_UNUSED_FUNCTION = YES;
				GCC_WARN_UNUSED_VARIABLE = YES;
				IPHONEOS_DEPLOYMENT_TARGET = 10.0;
				MTL_ENABLE_DEBUG_INFO = YES;
				ONLY_ACTIVE_ARCH = YES;
				SDKROOT = iphoneos;
				SWIFT_ACTIVE_COMPILATION_CONDITIONS = DEBUG;
				SWIFT_OPTIMIZATION_LEVEL = "-Onone";
			};
			name = Debug;
		};
		B4283AAA1D8548F300467CE6 /* Release */ = {
			isa = XCBuildConfiguration;
			buildSettings = {
				ALWAYS_SEARCH_USER_PATHS = NO;
				CLANG_ANALYZER_NONNULL = YES;
				CLANG_CXX_LANGUAGE_STANDARD = "gnu++0x";
				CLANG_CXX_LIBRARY = "libc++";
				CLANG_ENABLE_MODULES = YES;
				CLANG_ENABLE_OBJC_ARC = YES;
				CLANG_WARN_BLOCK_CAPTURE_AUTORELEASING = YES;
				CLANG_WARN_BOOL_CONVERSION = YES;
				CLANG_WARN_COMMA = YES;
				CLANG_WARN_CONSTANT_CONVERSION = YES;
				CLANG_WARN_DEPRECATED_OBJC_IMPLEMENTATIONS = YES;
				CLANG_WARN_DIRECT_OBJC_ISA_USAGE = YES_ERROR;
				CLANG_WARN_DOCUMENTATION_COMMENTS = YES;
				CLANG_WARN_EMPTY_BODY = YES;
				CLANG_WARN_ENUM_CONVERSION = YES;
				CLANG_WARN_INFINITE_RECURSION = YES;
				CLANG_WARN_INT_CONVERSION = YES;
				CLANG_WARN_NON_LITERAL_NULL_CONVERSION = YES;
				CLANG_WARN_OBJC_IMPLICIT_RETAIN_SELF = YES;
				CLANG_WARN_OBJC_LITERAL_CONVERSION = YES;
				CLANG_WARN_OBJC_ROOT_CLASS = YES_ERROR;
				CLANG_WARN_RANGE_LOOP_ANALYSIS = YES;
				CLANG_WARN_STRICT_PROTOTYPES = YES;
				CLANG_WARN_SUSPICIOUS_MOVE = YES;
				CLANG_WARN_SUSPICIOUS_MOVES = YES;
				CLANG_WARN_UNREACHABLE_CODE = YES;
				CLANG_WARN__DUPLICATE_METHOD_MATCH = YES;
				CODE_SIGN_IDENTITY = "iPhone Developer";
				"CODE_SIGN_IDENTITY[sdk=iphoneos*]" = "iPhone Developer";
				COPY_PHASE_STRIP = NO;
				DEBUG_INFORMATION_FORMAT = "dwarf-with-dsym";
				ENABLE_NS_ASSERTIONS = NO;
				ENABLE_STRICT_OBJC_MSGSEND = YES;
				GCC_C_LANGUAGE_STANDARD = gnu99;
				GCC_NO_COMMON_BLOCKS = YES;
				GCC_WARN_64_TO_32_BIT_CONVERSION = YES;
				GCC_WARN_ABOUT_RETURN_TYPE = YES_ERROR;
				GCC_WARN_UNDECLARED_SELECTOR = YES;
				GCC_WARN_UNINITIALIZED_AUTOS = YES_AGGRESSIVE;
				GCC_WARN_UNUSED_FUNCTION = YES;
				GCC_WARN_UNUSED_VARIABLE = YES;
				IPHONEOS_DEPLOYMENT_TARGET = 10.0;
				MTL_ENABLE_DEBUG_INFO = NO;
				SDKROOT = iphoneos;
				SWIFT_OPTIMIZATION_LEVEL = "-Owholemodule";
				VALIDATE_PRODUCT = YES;
			};
			name = Release;
		};
		B4283AAC1D8548F300467CE6 /* Debug */ = {
			isa = XCBuildConfiguration;
			baseConfigurationReference = 01361C8695313B7121751750 /* Pods-Numu Tracker.debug.xcconfig */;
			buildSettings = {
				ALWAYS_EMBED_SWIFT_STANDARD_LIBRARIES = "$(inherited)";
				ASSETCATALOG_COMPILER_APPICON_NAME = AppIcon;
				CLANG_ENABLE_MODULES = YES;
				CODE_SIGN_ENTITLEMENTS = "Numu Tracker/Numu Tracker.entitlements";
				DEVELOPMENT_TEAM = 2Y9M69QJKZ;
				FRAMEWORK_SEARCH_PATHS = (
					"$(inherited)",
					"$(PROJECT_DIR)",
				);
				INFOPLIST_FILE = "Numu Tracker/Info.plist";
				IPHONEOS_DEPLOYMENT_TARGET = 10.3;
				LD_RUNPATH_SEARCH_PATHS = "$(inherited) @executable_path/Frameworks";
				PRODUCT_BUNDLE_IDENTIFIER = "com.numutracker.Numu-Tracker";
				PRODUCT_NAME = "$(TARGET_NAME)";
				SWIFT_OPTIMIZATION_LEVEL = "-Onone";
				SWIFT_VERSION = 4.2;
				TARGETED_DEVICE_FAMILY = 1;
			};
			name = Debug;
		};
		B4283AAD1D8548F300467CE6 /* Release */ = {
			isa = XCBuildConfiguration;
			baseConfigurationReference = AE619F4A3C507ABD0012177C /* Pods-Numu Tracker.release.xcconfig */;
			buildSettings = {
				ALWAYS_EMBED_SWIFT_STANDARD_LIBRARIES = "$(inherited)";
				ASSETCATALOG_COMPILER_APPICON_NAME = AppIcon;
				CLANG_ENABLE_MODULES = YES;
				CODE_SIGN_ENTITLEMENTS = "Numu Tracker/Numu Tracker.entitlements";
				DEVELOPMENT_TEAM = 2Y9M69QJKZ;
				FRAMEWORK_SEARCH_PATHS = (
					"$(inherited)",
					"$(PROJECT_DIR)",
				);
				INFOPLIST_FILE = "Numu Tracker/Info.plist";
				IPHONEOS_DEPLOYMENT_TARGET = 10.3;
				LD_RUNPATH_SEARCH_PATHS = "$(inherited) @executable_path/Frameworks";
				PRODUCT_BUNDLE_IDENTIFIER = "com.numutracker.Numu-Tracker";
				PRODUCT_NAME = "$(TARGET_NAME)";
				SWIFT_VERSION = 4.2;
				TARGETED_DEVICE_FAMILY = 1;
			};
			name = Release;
		};
/* End XCBuildConfiguration section */

/* Begin XCConfigurationList section */
		B4283A7C1D8548F300467CE6 /* Build configuration list for PBXProject "Numu Tracker" */ = {
			isa = XCConfigurationList;
			buildConfigurations = (
				B4283AA91D8548F300467CE6 /* Debug */,
				B4283AAA1D8548F300467CE6 /* Release */,
			);
			defaultConfigurationIsVisible = 0;
			defaultConfigurationName = Release;
		};
		B4283AAB1D8548F300467CE6 /* Build configuration list for PBXNativeTarget "Numu Tracker" */ = {
			isa = XCConfigurationList;
			buildConfigurations = (
				B4283AAC1D8548F300467CE6 /* Debug */,
				B4283AAD1D8548F300467CE6 /* Release */,
			);
			defaultConfigurationIsVisible = 0;
			defaultConfigurationName = Release;
		};
/* End XCConfigurationList section */
	};
	rootObject = B4283A791D8548F300467CE6 /* Project object */;
}
