// !$*UTF8*$!
{
	archiveVersion = 1;
	classes = {
	};
	objectVersion = 50;
	objects = {

/* Begin PBXBuildFile section */
		2053604588DEB057207EDF7E /* Pods_Numu_TrackerTests.framework in Frameworks */ = {isa = PBXBuildFile; fileRef = 4A79F69CAA97D478B9C08A85 /* Pods_Numu_TrackerTests.framework */; };
		2E96D024D64C88B59F3DDF9D /* Pods_Numu_Tracker.framework in Frameworks */ = {isa = PBXBuildFile; fileRef = D2B582D332C28500143A3A4E /* Pods_Numu_Tracker.framework */; };
		44583E70220BBC59007E0020 /* NumuAPI.swift in Sources */ = {isa = PBXBuildFile; fileRef = 44583E6F220BBC59007E0020 /* NumuAPI.swift */; };
		44583E72220BBC68007E0020 /* NumuAPIModels.swift in Sources */ = {isa = PBXBuildFile; fileRef = 44583E71220BBC68007E0020 /* NumuAPIModels.swift */; };
		446B5DC9220A5F6800948BCB /* AppDelegate.swift in Sources */ = {isa = PBXBuildFile; fileRef = 446B5DC8220A5F6800948BCB /* AppDelegate.swift */; };
		446B5DCB220A5F6800948BCB /* ViewController.swift in Sources */ = {isa = PBXBuildFile; fileRef = 446B5DCA220A5F6800948BCB /* ViewController.swift */; };
		446B5DCE220A5F6800948BCB /* Main.storyboard in Resources */ = {isa = PBXBuildFile; fileRef = 446B5DCC220A5F6800948BCB /* Main.storyboard */; };
		446B5DD1220A5F6800948BCB /* Numu_Tracker.xcdatamodeld in Sources */ = {isa = PBXBuildFile; fileRef = 446B5DCF220A5F6800948BCB /* Numu_Tracker.xcdatamodeld */; };
		446B5DD3220A5F6800948BCB /* Assets.xcassets in Resources */ = {isa = PBXBuildFile; fileRef = 446B5DD2220A5F6800948BCB /* Assets.xcassets */; };
		446B5DD6220A5F6800948BCB /* LaunchScreen.storyboard in Resources */ = {isa = PBXBuildFile; fileRef = 446B5DD4220A5F6800948BCB /* LaunchScreen.storyboard */; };
		446B5DE1220A5F6800948BCB /* Numu_TrackerTests.swift in Sources */ = {isa = PBXBuildFile; fileRef = 446B5DE0220A5F6800948BCB /* Numu_TrackerTests.swift */; };
		446B5DEC220A5F6800948BCB /* Numu_TrackerUITests.swift in Sources */ = {isa = PBXBuildFile; fileRef = 446B5DEB220A5F6800948BCB /* Numu_TrackerUITests.swift */; };
		446B5DFB220A629E00948BCB /* CloudKit.framework in Frameworks */ = {isa = PBXBuildFile; fileRef = 446B5DFA220A629E00948BCB /* CloudKit.framework */; };
		446B5E00220A695600948BCB /* NumuCredential.swift in Sources */ = {isa = PBXBuildFile; fileRef = 446B5DFF220A695600948BCB /* NumuCredential.swift */; };
		CF625BB6FB626EB1E645F233 /* Pods_Numu_TrackerUITests.framework in Frameworks */ = {isa = PBXBuildFile; fileRef = 5382359D098D262B4A0189C0 /* Pods_Numu_TrackerUITests.framework */; };
/* End PBXBuildFile section */

/* Begin PBXContainerItemProxy section */
		446B5DDD220A5F6800948BCB /* PBXContainerItemProxy */ = {
			isa = PBXContainerItemProxy;
			containerPortal = 446B5DBD220A5F6800948BCB /* Project object */;
			proxyType = 1;
			remoteGlobalIDString = 446B5DC4220A5F6800948BCB;
			remoteInfo = "Numu Tracker";
		};
		446B5DE8220A5F6800948BCB /* PBXContainerItemProxy */ = {
			isa = PBXContainerItemProxy;
			containerPortal = 446B5DBD220A5F6800948BCB /* Project object */;
			proxyType = 1;
			remoteGlobalIDString = 446B5DC4220A5F6800948BCB;
			remoteInfo = "Numu Tracker";
		};
/* End PBXContainerItemProxy section */

/* Begin PBXFileReference section */
		352F86CE3C46903CBDF2E62A /* Pods-Numu TrackerUITests.debug.xcconfig */ = {isa = PBXFileReference; includeInIndex = 1; lastKnownFileType = text.xcconfig; name = "Pods-Numu TrackerUITests.debug.xcconfig"; path = "Target Support Files/Pods-Numu TrackerUITests/Pods-Numu TrackerUITests.debug.xcconfig"; sourceTree = "<group>"; };
		38B620B0C71D8EA423629A39 /* Pods-Numu Tracker.release.xcconfig */ = {isa = PBXFileReference; includeInIndex = 1; lastKnownFileType = text.xcconfig; name = "Pods-Numu Tracker.release.xcconfig"; path = "Target Support Files/Pods-Numu Tracker/Pods-Numu Tracker.release.xcconfig"; sourceTree = "<group>"; };
		44583E6F220BBC59007E0020 /* NumuAPI.swift */ = {isa = PBXFileReference; lastKnownFileType = sourcecode.swift; path = NumuAPI.swift; sourceTree = "<group>"; };
		44583E71220BBC68007E0020 /* NumuAPIModels.swift */ = {isa = PBXFileReference; lastKnownFileType = sourcecode.swift; path = NumuAPIModels.swift; sourceTree = "<group>"; };
		446B5DC5220A5F6800948BCB /* Numu Tracker.app */ = {isa = PBXFileReference; explicitFileType = wrapper.application; includeInIndex = 0; path = "Numu Tracker.app"; sourceTree = BUILT_PRODUCTS_DIR; };
		446B5DC8220A5F6800948BCB /* AppDelegate.swift */ = {isa = PBXFileReference; lastKnownFileType = sourcecode.swift; path = AppDelegate.swift; sourceTree = "<group>"; };
		446B5DCA220A5F6800948BCB /* ViewController.swift */ = {isa = PBXFileReference; lastKnownFileType = sourcecode.swift; path = ViewController.swift; sourceTree = "<group>"; };
		446B5DCD220A5F6800948BCB /* Base */ = {isa = PBXFileReference; lastKnownFileType = file.storyboard; name = Base; path = Base.lproj/Main.storyboard; sourceTree = "<group>"; };
		446B5DD0220A5F6800948BCB /* Numu_Tracker.xcdatamodel */ = {isa = PBXFileReference; lastKnownFileType = wrapper.xcdatamodel; path = Numu_Tracker.xcdatamodel; sourceTree = "<group>"; };
		446B5DD2220A5F6800948BCB /* Assets.xcassets */ = {isa = PBXFileReference; lastKnownFileType = folder.assetcatalog; path = Assets.xcassets; sourceTree = "<group>"; };
		446B5DD5220A5F6800948BCB /* Base */ = {isa = PBXFileReference; lastKnownFileType = file.storyboard; name = Base; path = Base.lproj/LaunchScreen.storyboard; sourceTree = "<group>"; };
		446B5DD7220A5F6800948BCB /* Info.plist */ = {isa = PBXFileReference; lastKnownFileType = text.plist.xml; path = Info.plist; sourceTree = "<group>"; };
		446B5DDC220A5F6800948BCB /* Numu TrackerTests.xctest */ = {isa = PBXFileReference; explicitFileType = wrapper.cfbundle; includeInIndex = 0; path = "Numu TrackerTests.xctest"; sourceTree = BUILT_PRODUCTS_DIR; };
		446B5DE0220A5F6800948BCB /* Numu_TrackerTests.swift */ = {isa = PBXFileReference; lastKnownFileType = sourcecode.swift; path = Numu_TrackerTests.swift; sourceTree = "<group>"; };
		446B5DE2220A5F6800948BCB /* Info.plist */ = {isa = PBXFileReference; lastKnownFileType = text.plist.xml; path = Info.plist; sourceTree = "<group>"; };
		446B5DE7220A5F6800948BCB /* Numu TrackerUITests.xctest */ = {isa = PBXFileReference; explicitFileType = wrapper.cfbundle; includeInIndex = 0; path = "Numu TrackerUITests.xctest"; sourceTree = BUILT_PRODUCTS_DIR; };
		446B5DEB220A5F6800948BCB /* Numu_TrackerUITests.swift */ = {isa = PBXFileReference; lastKnownFileType = sourcecode.swift; path = Numu_TrackerUITests.swift; sourceTree = "<group>"; };
		446B5DED220A5F6800948BCB /* Info.plist */ = {isa = PBXFileReference; lastKnownFileType = text.plist.xml; path = Info.plist; sourceTree = "<group>"; };
		446B5DF9220A627100948BCB /* Numu Tracker.entitlements */ = {isa = PBXFileReference; lastKnownFileType = text.plist.entitlements; path = "Numu Tracker.entitlements"; sourceTree = "<group>"; };
		446B5DFA220A629E00948BCB /* CloudKit.framework */ = {isa = PBXFileReference; lastKnownFileType = wrapper.framework; name = CloudKit.framework; path = System/Library/Frameworks/CloudKit.framework; sourceTree = SDKROOT; };
		446B5DFF220A695600948BCB /* NumuCredential.swift */ = {isa = PBXFileReference; lastKnownFileType = sourcecode.swift; path = NumuCredential.swift; sourceTree = "<group>"; };
		4A79F69CAA97D478B9C08A85 /* Pods_Numu_TrackerTests.framework */ = {isa = PBXFileReference; explicitFileType = wrapper.framework; includeInIndex = 0; path = Pods_Numu_TrackerTests.framework; sourceTree = BUILT_PRODUCTS_DIR; };
		5382359D098D262B4A0189C0 /* Pods_Numu_TrackerUITests.framework */ = {isa = PBXFileReference; explicitFileType = wrapper.framework; includeInIndex = 0; path = Pods_Numu_TrackerUITests.framework; sourceTree = BUILT_PRODUCTS_DIR; };
		8A9AF8031F444BF6DC08A8D6 /* Pods-Numu TrackerTests.release.xcconfig */ = {isa = PBXFileReference; includeInIndex = 1; lastKnownFileType = text.xcconfig; name = "Pods-Numu TrackerTests.release.xcconfig"; path = "Target Support Files/Pods-Numu TrackerTests/Pods-Numu TrackerTests.release.xcconfig"; sourceTree = "<group>"; };
		BB57731F05FACFEB06572125 /* Pods-Numu Tracker.debug.xcconfig */ = {isa = PBXFileReference; includeInIndex = 1; lastKnownFileType = text.xcconfig; name = "Pods-Numu Tracker.debug.xcconfig"; path = "Target Support Files/Pods-Numu Tracker/Pods-Numu Tracker.debug.xcconfig"; sourceTree = "<group>"; };
		D2B582D332C28500143A3A4E /* Pods_Numu_Tracker.framework */ = {isa = PBXFileReference; explicitFileType = wrapper.framework; includeInIndex = 0; path = Pods_Numu_Tracker.framework; sourceTree = BUILT_PRODUCTS_DIR; };
		EDB004DE51A363F2213F0047 /* Pods-Numu TrackerTests.debug.xcconfig */ = {isa = PBXFileReference; includeInIndex = 1; lastKnownFileType = text.xcconfig; name = "Pods-Numu TrackerTests.debug.xcconfig"; path = "Target Support Files/Pods-Numu TrackerTests/Pods-Numu TrackerTests.debug.xcconfig"; sourceTree = "<group>"; };
		FB648D0B281ABA271A3E4662 /* Pods-Numu TrackerUITests.release.xcconfig */ = {isa = PBXFileReference; includeInIndex = 1; lastKnownFileType = text.xcconfig; name = "Pods-Numu TrackerUITests.release.xcconfig"; path = "Target Support Files/Pods-Numu TrackerUITests/Pods-Numu TrackerUITests.release.xcconfig"; sourceTree = "<group>"; };
/* End PBXFileReference section */

/* Begin PBXFrameworksBuildPhase section */
		446B5DC2220A5F6800948BCB /* Frameworks */ = {
			isa = PBXFrameworksBuildPhase;
			buildActionMask = 2147483647;
			files = (
				2E96D024D64C88B59F3DDF9D /* Pods_Numu_Tracker.framework in Frameworks */,
				446B5DFB220A629E00948BCB /* CloudKit.framework in Frameworks */,
			);
			runOnlyForDeploymentPostprocessing = 0;
		};
		446B5DD9220A5F6800948BCB /* Frameworks */ = {
			isa = PBXFrameworksBuildPhase;
			buildActionMask = 2147483647;
			files = (
				2053604588DEB057207EDF7E /* Pods_Numu_TrackerTests.framework in Frameworks */,
			);
			runOnlyForDeploymentPostprocessing = 0;
		};
		446B5DE4220A5F6800948BCB /* Frameworks */ = {
			isa = PBXFrameworksBuildPhase;
			buildActionMask = 2147483647;
			files = (
				CF625BB6FB626EB1E645F233 /* Pods_Numu_TrackerUITests.framework in Frameworks */,
			);
			runOnlyForDeploymentPostprocessing = 0;
		};
/* End PBXFrameworksBuildPhase section */

/* Begin PBXGroup section */
		44583E6E220BBC44007E0020 /* NumuAPI */ = {
			isa = PBXGroup;
			children = (
				446B5DFF220A695600948BCB /* NumuCredential.swift */,
				44583E6F220BBC59007E0020 /* NumuAPI.swift */,
				44583E71220BBC68007E0020 /* NumuAPIModels.swift */,
			);
			path = NumuAPI;
			sourceTree = "<group>";
		};
		446B5DBC220A5F6800948BCB = {
			isa = PBXGroup;
			children = (
				446B5DC7220A5F6800948BCB /* Numu Tracker */,
				446B5DDF220A5F6800948BCB /* Numu TrackerTests */,
				446B5DEA220A5F6800948BCB /* Numu TrackerUITests */,
				446B5DC6220A5F6800948BCB /* Products */,
				881A9D6E3D71A92D2F964A2A /* Pods */,
				C00199818FBC70EB2E2A76D5 /* Frameworks */,
			);
			sourceTree = "<group>";
		};
		446B5DC6220A5F6800948BCB /* Products */ = {
			isa = PBXGroup;
			children = (
				446B5DC5220A5F6800948BCB /* Numu Tracker.app */,
				446B5DDC220A5F6800948BCB /* Numu TrackerTests.xctest */,
				446B5DE7220A5F6800948BCB /* Numu TrackerUITests.xctest */,
			);
			name = Products;
			sourceTree = "<group>";
		};
		446B5DC7220A5F6800948BCB /* Numu Tracker */ = {
			isa = PBXGroup;
			children = (
				44583E6E220BBC44007E0020 /* NumuAPI */,
				446B5DF9220A627100948BCB /* Numu Tracker.entitlements */,
				446B5DC8220A5F6800948BCB /* AppDelegate.swift */,
				446B5DCA220A5F6800948BCB /* ViewController.swift */,
				446B5DCC220A5F6800948BCB /* Main.storyboard */,
				446B5DD2220A5F6800948BCB /* Assets.xcassets */,
				446B5DD4220A5F6800948BCB /* LaunchScreen.storyboard */,
				446B5DD7220A5F6800948BCB /* Info.plist */,
				446B5DCF220A5F6800948BCB /* Numu_Tracker.xcdatamodeld */,
			);
			path = "Numu Tracker";
			sourceTree = "<group>";
		};
		446B5DDF220A5F6800948BCB /* Numu TrackerTests */ = {
			isa = PBXGroup;
			children = (
				446B5DE0220A5F6800948BCB /* Numu_TrackerTests.swift */,
				446B5DE2220A5F6800948BCB /* Info.plist */,
			);
			path = "Numu TrackerTests";
			sourceTree = "<group>";
		};
		446B5DEA220A5F6800948BCB /* Numu TrackerUITests */ = {
			isa = PBXGroup;
			children = (
				446B5DEB220A5F6800948BCB /* Numu_TrackerUITests.swift */,
				446B5DED220A5F6800948BCB /* Info.plist */,
			);
			path = "Numu TrackerUITests";
			sourceTree = "<group>";
		};
		881A9D6E3D71A92D2F964A2A /* Pods */ = {
			isa = PBXGroup;
			children = (
				BB57731F05FACFEB06572125 /* Pods-Numu Tracker.debug.xcconfig */,
				38B620B0C71D8EA423629A39 /* Pods-Numu Tracker.release.xcconfig */,
				EDB004DE51A363F2213F0047 /* Pods-Numu TrackerTests.debug.xcconfig */,
				8A9AF8031F444BF6DC08A8D6 /* Pods-Numu TrackerTests.release.xcconfig */,
				352F86CE3C46903CBDF2E62A /* Pods-Numu TrackerUITests.debug.xcconfig */,
				FB648D0B281ABA271A3E4662 /* Pods-Numu TrackerUITests.release.xcconfig */,
			);
			path = Pods;
			sourceTree = "<group>";
		};
		C00199818FBC70EB2E2A76D5 /* Frameworks */ = {
			isa = PBXGroup;
			children = (
				446B5DFA220A629E00948BCB /* CloudKit.framework */,
				D2B582D332C28500143A3A4E /* Pods_Numu_Tracker.framework */,
				4A79F69CAA97D478B9C08A85 /* Pods_Numu_TrackerTests.framework */,
				5382359D098D262B4A0189C0 /* Pods_Numu_TrackerUITests.framework */,
			);
			name = Frameworks;
			sourceTree = "<group>";
		};
/* End PBXGroup section */

/* Begin PBXNativeTarget section */
		446B5DC4220A5F6800948BCB /* Numu Tracker */ = {
			isa = PBXNativeTarget;
			buildConfigurationList = 446B5DF0220A5F6800948BCB /* Build configuration list for PBXNativeTarget "Numu Tracker" */;
			buildPhases = (
				F7E2EB92E4305BD977B05D53 /* [CP] Check Pods Manifest.lock */,
				446B5DC1220A5F6800948BCB /* Sources */,
				446B5DC2220A5F6800948BCB /* Frameworks */,
				446B5DC3220A5F6800948BCB /* Resources */,
				90B7E32D5F0DB67F68AB0D1E /* [CP] Embed Pods Frameworks */,
				44583E74220BC0BB007E0020 /* ShellScript */,
			);
			buildRules = (
			);
			dependencies = (
			);
			name = "Numu Tracker";
			productName = "Numu Tracker";
			productReference = 446B5DC5220A5F6800948BCB /* Numu Tracker.app */;
			productType = "com.apple.product-type.application";
		};
		446B5DDB220A5F6800948BCB /* Numu TrackerTests */ = {
			isa = PBXNativeTarget;
			buildConfigurationList = 446B5DF3220A5F6800948BCB /* Build configuration list for PBXNativeTarget "Numu TrackerTests" */;
			buildPhases = (
				523D38ACAF58878F6F129E8D /* [CP] Check Pods Manifest.lock */,
				446B5DD8220A5F6800948BCB /* Sources */,
				446B5DD9220A5F6800948BCB /* Frameworks */,
				446B5DDA220A5F6800948BCB /* Resources */,
			);
			buildRules = (
			);
			dependencies = (
				446B5DDE220A5F6800948BCB /* PBXTargetDependency */,
			);
			name = "Numu TrackerTests";
			productName = "Numu TrackerTests";
			productReference = 446B5DDC220A5F6800948BCB /* Numu TrackerTests.xctest */;
			productType = "com.apple.product-type.bundle.unit-test";
		};
		446B5DE6220A5F6800948BCB /* Numu TrackerUITests */ = {
			isa = PBXNativeTarget;
			buildConfigurationList = 446B5DF6220A5F6800948BCB /* Build configuration list for PBXNativeTarget "Numu TrackerUITests" */;
			buildPhases = (
				6D6D04EA45C72628F3EC731C /* [CP] Check Pods Manifest.lock */,
				446B5DE3220A5F6800948BCB /* Sources */,
				446B5DE4220A5F6800948BCB /* Frameworks */,
				446B5DE5220A5F6800948BCB /* Resources */,
			);
			buildRules = (
			);
			dependencies = (
				446B5DE9220A5F6800948BCB /* PBXTargetDependency */,
			);
			name = "Numu TrackerUITests";
			productName = "Numu TrackerUITests";
			productReference = 446B5DE7220A5F6800948BCB /* Numu TrackerUITests.xctest */;
			productType = "com.apple.product-type.bundle.ui-testing";
		};
/* End PBXNativeTarget section */

/* Begin PBXProject section */
		446B5DBD220A5F6800948BCB /* Project object */ = {
			isa = PBXProject;
			attributes = {
				LastSwiftUpdateCheck = 1010;
				LastUpgradeCheck = 1010;
				ORGANIZATIONNAME = "Brad Root";
				TargetAttributes = {
					446B5DC4220A5F6800948BCB = {
						CreatedOnToolsVersion = 10.1;
						SystemCapabilities = {
							com.apple.BackgroundModes = {
								enabled = 1;
							};
							com.apple.Push = {
								enabled = 1;
							};
							com.apple.iCloud = {
								enabled = 1;
							};
						};
					};
					446B5DDB220A5F6800948BCB = {
						CreatedOnToolsVersion = 10.1;
						TestTargetID = 446B5DC4220A5F6800948BCB;
					};
					446B5DE6220A5F6800948BCB = {
						CreatedOnToolsVersion = 10.1;
						TestTargetID = 446B5DC4220A5F6800948BCB;
					};
				};
			};
			buildConfigurationList = 446B5DC0220A5F6800948BCB /* Build configuration list for PBXProject "Numu Tracker" */;
			compatibilityVersion = "Xcode 9.3";
			developmentRegion = en;
			hasScannedForEncodings = 0;
			knownRegions = (
				en,
				Base,
			);
			mainGroup = 446B5DBC220A5F6800948BCB;
			productRefGroup = 446B5DC6220A5F6800948BCB /* Products */;
			projectDirPath = "";
			projectRoot = "";
			targets = (
				446B5DC4220A5F6800948BCB /* Numu Tracker */,
				446B5DDB220A5F6800948BCB /* Numu TrackerTests */,
				446B5DE6220A5F6800948BCB /* Numu TrackerUITests */,
			);
		};
/* End PBXProject section */

/* Begin PBXResourcesBuildPhase section */
		446B5DC3220A5F6800948BCB /* Resources */ = {
			isa = PBXResourcesBuildPhase;
			buildActionMask = 2147483647;
			files = (
				446B5DD6220A5F6800948BCB /* LaunchScreen.storyboard in Resources */,
				446B5DD3220A5F6800948BCB /* Assets.xcassets in Resources */,
				446B5DCE220A5F6800948BCB /* Main.storyboard in Resources */,
			);
			runOnlyForDeploymentPostprocessing = 0;
		};
		446B5DDA220A5F6800948BCB /* Resources */ = {
			isa = PBXResourcesBuildPhase;
			buildActionMask = 2147483647;
			files = (
			);
			runOnlyForDeploymentPostprocessing = 0;
		};
		446B5DE5220A5F6800948BCB /* Resources */ = {
			isa = PBXResourcesBuildPhase;
			buildActionMask = 2147483647;
			files = (
			);
			runOnlyForDeploymentPostprocessing = 0;
		};
/* End PBXResourcesBuildPhase section */

/* Begin PBXShellScriptBuildPhase section */
		44583E74220BC0BB007E0020 /* ShellScript */ = {
			isa = PBXShellScriptBuildPhase;
			buildActionMask = 2147483647;
			files = (
			);
			inputFileListPaths = (
			);
			inputPaths = (
			);
			outputFileListPaths = (
			);
			outputPaths = (
			);
			runOnlyForDeploymentPostprocessing = 0;
			shellPath = /bin/sh;
			shellScript = "\"${PODS_ROOT}/SwiftLint/swiftlint\"\n";
		};
		523D38ACAF58878F6F129E8D /* [CP] Check Pods Manifest.lock */ = {
			isa = PBXShellScriptBuildPhase;
			buildActionMask = 2147483647;
			files = (
			);
			inputFileListPaths = (
			);
			inputPaths = (
				"${PODS_PODFILE_DIR_PATH}/Podfile.lock",
				"${PODS_ROOT}/Manifest.lock",
			);
			name = "[CP] Check Pods Manifest.lock";
			outputFileListPaths = (
			);
			outputPaths = (
				"$(DERIVED_FILE_DIR)/Pods-Numu TrackerTests-checkManifestLockResult.txt",
			);
			runOnlyForDeploymentPostprocessing = 0;
			shellPath = /bin/sh;
			shellScript = "diff \"${PODS_PODFILE_DIR_PATH}/Podfile.lock\" \"${PODS_ROOT}/Manifest.lock\" > /dev/null\nif [ $? != 0 ] ; then\n    # print error to STDERR\n    echo \"error: The sandbox is not in sync with the Podfile.lock. Run 'pod install' or update your CocoaPods installation.\" >&2\n    exit 1\nfi\n# This output is used by Xcode 'outputs' to avoid re-running this script phase.\necho \"SUCCESS\" > \"${SCRIPT_OUTPUT_FILE_0}\"\n";
			showEnvVarsInLog = 0;
		};
		6D6D04EA45C72628F3EC731C /* [CP] Check Pods Manifest.lock */ = {
			isa = PBXShellScriptBuildPhase;
			buildActionMask = 2147483647;
			files = (
			);
			inputFileListPaths = (
			);
			inputPaths = (
				"${PODS_PODFILE_DIR_PATH}/Podfile.lock",
				"${PODS_ROOT}/Manifest.lock",
			);
			name = "[CP] Check Pods Manifest.lock";
			outputFileListPaths = (
			);
			outputPaths = (
				"$(DERIVED_FILE_DIR)/Pods-Numu TrackerUITests-checkManifestLockResult.txt",
			);
			runOnlyForDeploymentPostprocessing = 0;
			shellPath = /bin/sh;
			shellScript = "diff \"${PODS_PODFILE_DIR_PATH}/Podfile.lock\" \"${PODS_ROOT}/Manifest.lock\" > /dev/null\nif [ $? != 0 ] ; then\n    # print error to STDERR\n    echo \"error: The sandbox is not in sync with the Podfile.lock. Run 'pod install' or update your CocoaPods installation.\" >&2\n    exit 1\nfi\n# This output is used by Xcode 'outputs' to avoid re-running this script phase.\necho \"SUCCESS\" > \"${SCRIPT_OUTPUT_FILE_0}\"\n";
			showEnvVarsInLog = 0;
		};
		90B7E32D5F0DB67F68AB0D1E /* [CP] Embed Pods Frameworks */ = {
			isa = PBXShellScriptBuildPhase;
			buildActionMask = 2147483647;
			files = (
			);
			inputFileListPaths = (
			);
			inputPaths = (
				"${PODS_ROOT}/Target Support Files/Pods-Numu Tracker/Pods-Numu Tracker-frameworks.sh",
				"${BUILT_PRODUCTS_DIR}/Kingfisher/Kingfisher.framework",
				"${BUILT_PRODUCTS_DIR}/PushNotifications/PushNotifications.framework",
			);
			name = "[CP] Embed Pods Frameworks";
			outputFileListPaths = (
			);
			outputPaths = (
				"${TARGET_BUILD_DIR}/${FRAMEWORKS_FOLDER_PATH}/Kingfisher.framework",
				"${TARGET_BUILD_DIR}/${FRAMEWORKS_FOLDER_PATH}/PushNotifications.framework",
			);
			runOnlyForDeploymentPostprocessing = 0;
			shellPath = /bin/sh;
			shellScript = "\"${PODS_ROOT}/Target Support Files/Pods-Numu Tracker/Pods-Numu Tracker-frameworks.sh\"\n";
			showEnvVarsInLog = 0;
		};
		F7E2EB92E4305BD977B05D53 /* [CP] Check Pods Manifest.lock */ = {
			isa = PBXShellScriptBuildPhase;
			buildActionMask = 2147483647;
			files = (
			);
			inputFileListPaths = (
			);
			inputPaths = (
				"${PODS_PODFILE_DIR_PATH}/Podfile.lock",
				"${PODS_ROOT}/Manifest.lock",
			);
			name = "[CP] Check Pods Manifest.lock";
			outputFileListPaths = (
			);
			outputPaths = (
				"$(DERIVED_FILE_DIR)/Pods-Numu Tracker-checkManifestLockResult.txt",
			);
			runOnlyForDeploymentPostprocessing = 0;
			shellPath = /bin/sh;
			shellScript = "diff \"${PODS_PODFILE_DIR_PATH}/Podfile.lock\" \"${PODS_ROOT}/Manifest.lock\" > /dev/null\nif [ $? != 0 ] ; then\n    # print error to STDERR\n    echo \"error: The sandbox is not in sync with the Podfile.lock. Run 'pod install' or update your CocoaPods installation.\" >&2\n    exit 1\nfi\n# This output is used by Xcode 'outputs' to avoid re-running this script phase.\necho \"SUCCESS\" > \"${SCRIPT_OUTPUT_FILE_0}\"\n";
			showEnvVarsInLog = 0;
		};
/* End PBXShellScriptBuildPhase section */

/* Begin PBXSourcesBuildPhase section */
		446B5DC1220A5F6800948BCB /* Sources */ = {
			isa = PBXSourcesBuildPhase;
			buildActionMask = 2147483647;
			files = (
				44583E70220BBC59007E0020 /* NumuAPI.swift in Sources */,
				44583E72220BBC68007E0020 /* NumuAPIModels.swift in Sources */,
				446B5DCB220A5F6800948BCB /* ViewController.swift in Sources */,
				446B5DD1220A5F6800948BCB /* Numu_Tracker.xcdatamodeld in Sources */,
				446B5DC9220A5F6800948BCB /* AppDelegate.swift in Sources */,
				446B5E00220A695600948BCB /* NumuCredential.swift in Sources */,
			);
			runOnlyForDeploymentPostprocessing = 0;
		};
		446B5DD8220A5F6800948BCB /* Sources */ = {
			isa = PBXSourcesBuildPhase;
			buildActionMask = 2147483647;
			files = (
				446B5DE1220A5F6800948BCB /* Numu_TrackerTests.swift in Sources */,
			);
			runOnlyForDeploymentPostprocessing = 0;
		};
		446B5DE3220A5F6800948BCB /* Sources */ = {
			isa = PBXSourcesBuildPhase;
			buildActionMask = 2147483647;
			files = (
				446B5DEC220A5F6800948BCB /* Numu_TrackerUITests.swift in Sources */,
			);
			runOnlyForDeploymentPostprocessing = 0;
		};
/* End PBXSourcesBuildPhase section */

/* Begin PBXTargetDependency section */
		446B5DDE220A5F6800948BCB /* PBXTargetDependency */ = {
			isa = PBXTargetDependency;
			target = 446B5DC4220A5F6800948BCB /* Numu Tracker */;
			targetProxy = 446B5DDD220A5F6800948BCB /* PBXContainerItemProxy */;
		};
		446B5DE9220A5F6800948BCB /* PBXTargetDependency */ = {
			isa = PBXTargetDependency;
			target = 446B5DC4220A5F6800948BCB /* Numu Tracker */;
			targetProxy = 446B5DE8220A5F6800948BCB /* PBXContainerItemProxy */;
		};
/* End PBXTargetDependency section */

/* Begin PBXVariantGroup section */
		446B5DCC220A5F6800948BCB /* Main.storyboard */ = {
			isa = PBXVariantGroup;
			children = (
				446B5DCD220A5F6800948BCB /* Base */,
			);
			name = Main.storyboard;
			sourceTree = "<group>";
		};
		446B5DD4220A5F6800948BCB /* LaunchScreen.storyboard */ = {
			isa = PBXVariantGroup;
			children = (
				446B5DD5220A5F6800948BCB /* Base */,
			);
			name = LaunchScreen.storyboard;
			sourceTree = "<group>";
		};
/* End PBXVariantGroup section */

/* Begin XCBuildConfiguration section */
		446B5DEE220A5F6800948BCB /* Debug */ = {
			isa = XCBuildConfiguration;
			buildSettings = {
				ALWAYS_SEARCH_USER_PATHS = NO;
				CLANG_ANALYZER_NONNULL = YES;
				CLANG_ANALYZER_NUMBER_OBJECT_CONVERSION = YES_AGGRESSIVE;
				CLANG_CXX_LANGUAGE_STANDARD = "gnu++14";
				CLANG_CXX_LIBRARY = "libc++";
				CLANG_ENABLE_MODULES = YES;
				CLANG_ENABLE_OBJC_ARC = YES;
				CLANG_ENABLE_OBJC_WEAK = YES;
				CLANG_WARN_BLOCK_CAPTURE_AUTORELEASING = YES;
				CLANG_WARN_BOOL_CONVERSION = YES;
				CLANG_WARN_COMMA = YES;
				CLANG_WARN_CONSTANT_CONVERSION = YES;
				CLANG_WARN_DEPRECATED_OBJC_IMPLEMENTATIONS = YES;
				CLANG_WARN_DIRECT_OBJC_ISA_USAGE = YES_ERROR;
				CLANG_WARN_DOCUMENTATION_COMMENTS = YES;
				CLANG_WARN_EMPTY_BODY = YES;
				CLANG_WARN_ENUM_CONVERSION = YES;
				CLANG_WARN_INFINITE_RECURSION = YES;
				CLANG_WARN_INT_CONVERSION = YES;
				CLANG_WARN_NON_LITERAL_NULL_CONVERSION = YES;
				CLANG_WARN_OBJC_IMPLICIT_RETAIN_SELF = YES;
				CLANG_WARN_OBJC_LITERAL_CONVERSION = YES;
				CLANG_WARN_OBJC_ROOT_CLASS = YES_ERROR;
				CLANG_WARN_RANGE_LOOP_ANALYSIS = YES;
				CLANG_WARN_STRICT_PROTOTYPES = YES;
				CLANG_WARN_SUSPICIOUS_MOVE = YES;
				CLANG_WARN_UNGUARDED_AVAILABILITY = YES_AGGRESSIVE;
				CLANG_WARN_UNREACHABLE_CODE = YES;
				CLANG_WARN__DUPLICATE_METHOD_MATCH = YES;
				CODE_SIGN_IDENTITY = "iPhone Developer";
				COPY_PHASE_STRIP = NO;
				DEBUG_INFORMATION_FORMAT = dwarf;
				ENABLE_STRICT_OBJC_MSGSEND = YES;
				ENABLE_TESTABILITY = YES;
				GCC_C_LANGUAGE_STANDARD = gnu11;
				GCC_DYNAMIC_NO_PIC = NO;
				GCC_NO_COMMON_BLOCKS = YES;
				GCC_OPTIMIZATION_LEVEL = 0;
				GCC_PREPROCESSOR_DEFINITIONS = (
					"DEBUG=1",
					"$(inherited)",
				);
				GCC_WARN_64_TO_32_BIT_CONVERSION = YES;
				GCC_WARN_ABOUT_RETURN_TYPE = YES_ERROR;
				GCC_WARN_UNDECLARED_SELECTOR = YES;
				GCC_WARN_UNINITIALIZED_AUTOS = YES_AGGRESSIVE;
				GCC_WARN_UNUSED_FUNCTION = YES;
				GCC_WARN_UNUSED_VARIABLE = YES;
				IPHONEOS_DEPLOYMENT_TARGET = 12.1;
				MTL_ENABLE_DEBUG_INFO = INCLUDE_SOURCE;
				MTL_FAST_MATH = YES;
				ONLY_ACTIVE_ARCH = YES;
				SDKROOT = iphoneos;
				SWIFT_ACTIVE_COMPILATION_CONDITIONS = DEBUG;
				SWIFT_OPTIMIZATION_LEVEL = "-Onone";
			};
			name = Debug;
		};
		446B5DEF220A5F6800948BCB /* Release */ = {
			isa = XCBuildConfiguration;
			buildSettings = {
				ALWAYS_SEARCH_USER_PATHS = NO;
				CLANG_ANALYZER_NONNULL = YES;
				CLANG_ANALYZER_NUMBER_OBJECT_CONVERSION = YES_AGGRESSIVE;
				CLANG_CXX_LANGUAGE_STANDARD = "gnu++14";
				CLANG_CXX_LIBRARY = "libc++";
				CLANG_ENABLE_MODULES = YES;
				CLANG_ENABLE_OBJC_ARC = YES;
				CLANG_ENABLE_OBJC_WEAK = YES;
				CLANG_WARN_BLOCK_CAPTURE_AUTORELEASING = YES;
				CLANG_WARN_BOOL_CONVERSION = YES;
				CLANG_WARN_COMMA = YES;
				CLANG_WARN_CONSTANT_CONVERSION = YES;
				CLANG_WARN_DEPRECATED_OBJC_IMPLEMENTATIONS = YES;
				CLANG_WARN_DIRECT_OBJC_ISA_USAGE = YES_ERROR;
				CLANG_WARN_DOCUMENTATION_COMMENTS = YES;
				CLANG_WARN_EMPTY_BODY = YES;
				CLANG_WARN_ENUM_CONVERSION = YES;
				CLANG_WARN_INFINITE_RECURSION = YES;
				CLANG_WARN_INT_CONVERSION = YES;
				CLANG_WARN_NON_LITERAL_NULL_CONVERSION = YES;
				CLANG_WARN_OBJC_IMPLICIT_RETAIN_SELF = YES;
				CLANG_WARN_OBJC_LITERAL_CONVERSION = YES;
				CLANG_WARN_OBJC_ROOT_CLASS = YES_ERROR;
				CLANG_WARN_RANGE_LOOP_ANALYSIS = YES;
				CLANG_WARN_STRICT_PROTOTYPES = YES;
				CLANG_WARN_SUSPICIOUS_MOVE = YES;
				CLANG_WARN_UNGUARDED_AVAILABILITY = YES_AGGRESSIVE;
				CLANG_WARN_UNREACHABLE_CODE = YES;
				CLANG_WARN__DUPLICATE_METHOD_MATCH = YES;
				CODE_SIGN_IDENTITY = "iPhone Developer";
				COPY_PHASE_STRIP = NO;
				DEBUG_INFORMATION_FORMAT = "dwarf-with-dsym";
				ENABLE_NS_ASSERTIONS = NO;
				ENABLE_STRICT_OBJC_MSGSEND = YES;
				GCC_C_LANGUAGE_STANDARD = gnu11;
				GCC_NO_COMMON_BLOCKS = YES;
				GCC_WARN_64_TO_32_BIT_CONVERSION = YES;
				GCC_WARN_ABOUT_RETURN_TYPE = YES_ERROR;
				GCC_WARN_UNDECLARED_SELECTOR = YES;
				GCC_WARN_UNINITIALIZED_AUTOS = YES_AGGRESSIVE;
				GCC_WARN_UNUSED_FUNCTION = YES;
				GCC_WARN_UNUSED_VARIABLE = YES;
				IPHONEOS_DEPLOYMENT_TARGET = 12.1;
				MTL_ENABLE_DEBUG_INFO = NO;
				MTL_FAST_MATH = YES;
				SDKROOT = iphoneos;
				SWIFT_COMPILATION_MODE = wholemodule;
				SWIFT_OPTIMIZATION_LEVEL = "-O";
				VALIDATE_PRODUCT = YES;
			};
			name = Release;
		};
		446B5DF1220A5F6800948BCB /* Debug */ = {
			isa = XCBuildConfiguration;
			baseConfigurationReference = BB57731F05FACFEB06572125 /* Pods-Numu Tracker.debug.xcconfig */;
			buildSettings = {
				ASSETCATALOG_COMPILER_APPICON_NAME = AppIcon;
				CODE_SIGN_ENTITLEMENTS = "Numu Tracker/Numu Tracker.entitlements";
				CODE_SIGN_STYLE = Automatic;
				DEVELOPMENT_TEAM = 2Y9M69QJKZ;
				INFOPLIST_FILE = "Numu Tracker/Info.plist";
				LD_RUNPATH_SEARCH_PATHS = (
					"$(inherited)",
					"@executable_path/Frameworks",
				);
				PRODUCT_BUNDLE_IDENTIFIER = "com.numutracker.Numu-Tracker";
				PRODUCT_NAME = "$(TARGET_NAME)";
				SWIFT_VERSION = 4.2;
				TARGETED_DEVICE_FAMILY = "1,2";
			};
			name = Debug;
		};
		446B5DF2220A5F6800948BCB /* Release */ = {
			isa = XCBuildConfiguration;
			baseConfigurationReference = 38B620B0C71D8EA423629A39 /* Pods-Numu Tracker.release.xcconfig */;
			buildSettings = {
				ASSETCATALOG_COMPILER_APPICON_NAME = AppIcon;
				CODE_SIGN_ENTITLEMENTS = "Numu Tracker/Numu Tracker.entitlements";
				CODE_SIGN_STYLE = Automatic;
				DEVELOPMENT_TEAM = 2Y9M69QJKZ;
				INFOPLIST_FILE = "Numu Tracker/Info.plist";
				LD_RUNPATH_SEARCH_PATHS = (
					"$(inherited)",
					"@executable_path/Frameworks",
				);
				PRODUCT_BUNDLE_IDENTIFIER = "com.numutracker.Numu-Tracker";
				PRODUCT_NAME = "$(TARGET_NAME)";
				SWIFT_VERSION = 4.2;
				TARGETED_DEVICE_FAMILY = "1,2";
			};
			name = Release;
		};
		446B5DF4220A5F6800948BCB /* Debug */ = {
			isa = XCBuildConfiguration;
			baseConfigurationReference = EDB004DE51A363F2213F0047 /* Pods-Numu TrackerTests.debug.xcconfig */;
			buildSettings = {
				ALWAYS_EMBED_SWIFT_STANDARD_LIBRARIES = YES;
				BUNDLE_LOADER = "$(TEST_HOST)";
				CODE_SIGN_STYLE = Automatic;
				DEVELOPMENT_TEAM = 2Y9M69QJKZ;
				INFOPLIST_FILE = "Numu TrackerTests/Info.plist";
				LD_RUNPATH_SEARCH_PATHS = (
					"$(inherited)",
					"@executable_path/Frameworks",
					"@loader_path/Frameworks",
				);
				PRODUCT_BUNDLE_IDENTIFIER = "com.numutracker.Numu-TrackerTests";
				PRODUCT_NAME = "$(TARGET_NAME)";
				SWIFT_VERSION = 4.2;
				TARGETED_DEVICE_FAMILY = "1,2";
				TEST_HOST = "$(BUILT_PRODUCTS_DIR)/Numu Tracker.app/Numu Tracker";
			};
			name = Debug;
		};
		446B5DF5220A5F6800948BCB /* Release */ = {
			isa = XCBuildConfiguration;
			baseConfigurationReference = 8A9AF8031F444BF6DC08A8D6 /* Pods-Numu TrackerTests.release.xcconfig */;
			buildSettings = {
				ALWAYS_EMBED_SWIFT_STANDARD_LIBRARIES = YES;
				BUNDLE_LOADER = "$(TEST_HOST)";
				CODE_SIGN_STYLE = Automatic;
				DEVELOPMENT_TEAM = 2Y9M69QJKZ;
				INFOPLIST_FILE = "Numu TrackerTests/Info.plist";
				LD_RUNPATH_SEARCH_PATHS = (
					"$(inherited)",
					"@executable_path/Frameworks",
					"@loader_path/Frameworks",
				);
				PRODUCT_BUNDLE_IDENTIFIER = "com.numutracker.Numu-TrackerTests";
				PRODUCT_NAME = "$(TARGET_NAME)";
				SWIFT_VERSION = 4.2;
				TARGETED_DEVICE_FAMILY = "1,2";
				TEST_HOST = "$(BUILT_PRODUCTS_DIR)/Numu Tracker.app/Numu Tracker";
			};
			name = Release;
		};
		446B5DF7220A5F6800948BCB /* Debug */ = {
			isa = XCBuildConfiguration;
			baseConfigurationReference = 352F86CE3C46903CBDF2E62A /* Pods-Numu TrackerUITests.debug.xcconfig */;
			buildSettings = {
				ALWAYS_EMBED_SWIFT_STANDARD_LIBRARIES = YES;
				CODE_SIGN_STYLE = Automatic;
				DEVELOPMENT_TEAM = 2Y9M69QJKZ;
				INFOPLIST_FILE = "Numu TrackerUITests/Info.plist";
				LD_RUNPATH_SEARCH_PATHS = (
					"$(inherited)",
					"@executable_path/Frameworks",
					"@loader_path/Frameworks",
				);
				PRODUCT_BUNDLE_IDENTIFIER = "com.numutracker.Numu-TrackerUITests";
				PRODUCT_NAME = "$(TARGET_NAME)";
				SWIFT_VERSION = 4.2;
				TARGETED_DEVICE_FAMILY = "1,2";
				TEST_TARGET_NAME = "Numu Tracker";
			};
			name = Debug;
		};
		446B5DF8220A5F6800948BCB /* Release */ = {
			isa = XCBuildConfiguration;
			baseConfigurationReference = FB648D0B281ABA271A3E4662 /* Pods-Numu TrackerUITests.release.xcconfig */;
			buildSettings = {
				ALWAYS_EMBED_SWIFT_STANDARD_LIBRARIES = YES;
				CODE_SIGN_STYLE = Automatic;
				DEVELOPMENT_TEAM = 2Y9M69QJKZ;
				INFOPLIST_FILE = "Numu TrackerUITests/Info.plist";
				LD_RUNPATH_SEARCH_PATHS = (
					"$(inherited)",
					"@executable_path/Frameworks",
					"@loader_path/Frameworks",
				);
				PRODUCT_BUNDLE_IDENTIFIER = "com.numutracker.Numu-TrackerUITests";
				PRODUCT_NAME = "$(TARGET_NAME)";
				SWIFT_VERSION = 4.2;
				TARGETED_DEVICE_FAMILY = "1,2";
				TEST_TARGET_NAME = "Numu Tracker";
			};
			name = Release;
		};
/* End XCBuildConfiguration section */

/* Begin XCConfigurationList section */
		446B5DC0220A5F6800948BCB /* Build configuration list for PBXProject "Numu Tracker" */ = {
			isa = XCConfigurationList;
			buildConfigurations = (
				446B5DEE220A5F6800948BCB /* Debug */,
				446B5DEF220A5F6800948BCB /* Release */,
			);
			defaultConfigurationIsVisible = 0;
			defaultConfigurationName = Release;
		};
		446B5DF0220A5F6800948BCB /* Build configuration list for PBXNativeTarget "Numu Tracker" */ = {
			isa = XCConfigurationList;
			buildConfigurations = (
				446B5DF1220A5F6800948BCB /* Debug */,
				446B5DF2220A5F6800948BCB /* Release */,
			);
			defaultConfigurationIsVisible = 0;
			defaultConfigurationName = Release;
		};
		446B5DF3220A5F6800948BCB /* Build configuration list for PBXNativeTarget "Numu TrackerTests" */ = {
			isa = XCConfigurationList;
			buildConfigurations = (
				446B5DF4220A5F6800948BCB /* Debug */,
				446B5DF5220A5F6800948BCB /* Release */,
			);
			defaultConfigurationIsVisible = 0;
			defaultConfigurationName = Release;
		};
		446B5DF6220A5F6800948BCB /* Build configuration list for PBXNativeTarget "Numu TrackerUITests" */ = {
			isa = XCConfigurationList;
			buildConfigurations = (
				446B5DF7220A5F6800948BCB /* Debug */,
				446B5DF8220A5F6800948BCB /* Release */,
			);
			defaultConfigurationIsVisible = 0;
			defaultConfigurationName = Release;
		};
/* End XCConfigurationList section */

/* Begin XCVersionGroup section */
		446B5DCF220A5F6800948BCB /* Numu_Tracker.xcdatamodeld */ = {
			isa = XCVersionGroup;
			children = (
				446B5DD0220A5F6800948BCB /* Numu_Tracker.xcdatamodel */,
			);
			currentVersion = 446B5DD0220A5F6800948BCB /* Numu_Tracker.xcdatamodel */;
			path = Numu_Tracker.xcdatamodeld;
			sourceTree = "<group>";
			versionGroupType = wrapper.xcdatamodel;
		};
/* End XCVersionGroup section */
	};
	rootObject = 446B5DBD220A5F6800948BCB /* Project object */;
}
